// !$*UTF8*$!
{
	archiveVersion = 1;
	classes = {
	};
	objectVersion = 56;
	objects = {

/* Begin PBXBuildFile section */
		8F1A6A4C298A32EE00138700 /* AppDelegate.swift in Sources */ = {isa = PBXBuildFile; fileRef = 8F1A6A4B298A32EE00138700 /* AppDelegate.swift */; };
		8F1A6A4E298A32EE00138700 /* SceneDelegate.swift in Sources */ = {isa = PBXBuildFile; fileRef = 8F1A6A4D298A32EE00138700 /* SceneDelegate.swift */; };
		8F1A6A50298A32EE00138700 /* ViewController.swift in Sources */ = {isa = PBXBuildFile; fileRef = 8F1A6A4F298A32EE00138700 /* ViewController.swift */; };
		8F1A6A53298A32EE00138700 /* Main.storyboard in Resources */ = {isa = PBXBuildFile; fileRef = 8F1A6A51298A32EE00138700 /* Main.storyboard */; };
		8F1A6A55298A32EF00138700 /* Assets.xcassets in Resources */ = {isa = PBXBuildFile; fileRef = 8F1A6A54298A32EF00138700 /* Assets.xcassets */; };
		8F1A6A58298A32EF00138700 /* LaunchScreen.storyboard in Resources */ = {isa = PBXBuildFile; fileRef = 8F1A6A56298A32EF00138700 /* LaunchScreen.storyboard */; };
		8F1A6A60298A33E900138700 /* SecondViewController.swift in Sources */ = {isa = PBXBuildFile; fileRef = 8F1A6A5F298A33E900138700 /* SecondViewController.swift */; };
		8F1A6A62298A33FB00138700 /* ThirdViewController.swift in Sources */ = {isa = PBXBuildFile; fileRef = 8F1A6A61298A33FB00138700 /* ThirdViewController.swift */; };
		8F1A6A71298A3B7700138700 /* menubar-bg-mini.png in Resources */ = {isa = PBXBuildFile; fileRef = 8F1A6A64298A3B7600138700 /* menubar-bg-mini.png */; };
		8F1A6A72298A3B7700138700 /* designbump@2x.png in Resources */ = {isa = PBXBuildFile; fileRef = 8F1A6A65298A3B7600138700 /* designbump@2x.png */; };
		8F1A6A73298A3B7700138700 /* homes_119.png in Resources */ = {isa = PBXBuildFile; fileRef = 8F1A6A66298A3B7600138700 /* homes_119.png */; };
		8F1A6A74298A3B7700138700 /* twitter@2x.png in Resources */ = {isa = PBXBuildFile; fileRef = 8F1A6A67298A3B7600138700 /* twitter@2x.png */; };
		8F1A6A75298A3B7700138700 /* rss@2x.png in Resources */ = {isa = PBXBuildFile; fileRef = 8F1A6A68298A3B7600138700 /* rss@2x.png */; };
		8F1A6A76298A3B7700138700 /* calendar.png in Resources */ = {isa = PBXBuildFile; fileRef = 8F1A6A69298A3B7600138700 /* calendar.png */; };
		8F1A6A77298A3B7700138700 /* facebook@2x.png in Resources */ = {isa = PBXBuildFile; fileRef = 8F1A6A6A298A3B7600138700 /* facebook@2x.png */; };
		8F1A6A78298A3B7700138700 /* connectivity-bar.png in Resources */ = {isa = PBXBuildFile; fileRef = 8F1A6A6B298A3B7700138700 /* connectivity-bar.png */; };
		8F1A6A79298A3B7700138700 /* photo.png in Resources */ = {isa = PBXBuildFile; fileRef = 8F1A6A6C298A3B7700138700 /* photo.png */; };
		8F1A6A7A298A3B7700138700 /* menubar-bg.png in Resources */ = {isa = PBXBuildFile; fileRef = 8F1A6A6D298A3B7700138700 /* menubar-bg.png */; };
		8F1A6A7B298A3B7700138700 /* google@2x.png in Resources */ = {isa = PBXBuildFile; fileRef = 8F1A6A6E298A3B7700138700 /* google@2x.png */; };
		8F1A6A7C298A3B7700138700 /* checkmark@2x.png in Resources */ = {isa = PBXBuildFile; fileRef = 8F1A6A6F298A3B7700138700 /* checkmark@2x.png */; };
		8F1A6A7D298A3B7700138700 /* file-tree.png in Resources */ = {isa = PBXBuildFile; fileRef = 8F1A6A70298A3B7700138700 /* file-tree.png */; };
/* End PBXBuildFile section */

/* Begin PBXFileReference section */
		8F1A6A48298A32EE00138700 /* Chapter03-TabBar.app */ = {isa = PBXFileReference; explicitFileType = wrapper.application; includeInIndex = 0; path = "Chapter03-TabBar.app"; sourceTree = BUILT_PRODUCTS_DIR; };
		8F1A6A4B298A32EE00138700 /* AppDelegate.swift */ = {isa = PBXFileReference; lastKnownFileType = sourcecode.swift; path = AppDelegate.swift; sourceTree = "<group>"; };
		8F1A6A4D298A32EE00138700 /* SceneDelegate.swift */ = {isa = PBXFileReference; lastKnownFileType = sourcecode.swift; path = SceneDelegate.swift; sourceTree = "<group>"; };
		8F1A6A4F298A32EE00138700 /* ViewController.swift */ = {isa = PBXFileReference; lastKnownFileType = sourcecode.swift; path = ViewController.swift; sourceTree = "<group>"; };
		8F1A6A52298A32EE00138700 /* Base */ = {isa = PBXFileReference; lastKnownFileType = file.storyboard; name = Base; path = Base.lproj/Main.storyboard; sourceTree = "<group>"; };
		8F1A6A54298A32EF00138700 /* Assets.xcassets */ = {isa = PBXFileReference; lastKnownFileType = folder.assetcatalog; path = Assets.xcassets; sourceTree = "<group>"; };
		8F1A6A57298A32EF00138700 /* Base */ = {isa = PBXFileReference; lastKnownFileType = file.storyboard; name = Base; path = Base.lproj/LaunchScreen.storyboard; sourceTree = "<group>"; };
		8F1A6A59298A32EF00138700 /* Info.plist */ = {isa = PBXFileReference; lastKnownFileType = text.plist.xml; path = Info.plist; sourceTree = "<group>"; };
		8F1A6A5F298A33E900138700 /* SecondViewController.swift */ = {isa = PBXFileReference; lastKnownFileType = sourcecode.swift; path = SecondViewController.swift; sourceTree = "<group>"; };
		8F1A6A61298A33FB00138700 /* ThirdViewController.swift */ = {isa = PBXFileReference; lastKnownFileType = sourcecode.swift; path = ThirdViewController.swift; sourceTree = "<group>"; };
		8F1A6A64298A3B7600138700 /* menubar-bg-mini.png */ = {isa = PBXFileReference; lastKnownFileType = image.png; path = "menubar-bg-mini.png"; sourceTree = "<group>"; };
		8F1A6A65298A3B7600138700 /* designbump@2x.png */ = {isa = PBXFileReference; lastKnownFileType = image.png; path = "designbump@2x.png"; sourceTree = "<group>"; };
		8F1A6A66298A3B7600138700 /* homes_119.png */ = {isa = PBXFileReference; lastKnownFileType = image.png; path = homes_119.png; sourceTree = "<group>"; };
		8F1A6A67298A3B7600138700 /* twitter@2x.png */ = {isa = PBXFileReference; lastKnownFileType = image.png; path = "twitter@2x.png"; sourceTree = "<group>"; };
		8F1A6A68298A3B7600138700 /* rss@2x.png */ = {isa = PBXFileReference; lastKnownFileType = image.png; path = "rss@2x.png"; sourceTree = "<group>"; };
		8F1A6A69298A3B7600138700 /* calendar.png */ = {isa = PBXFileReference; lastKnownFileType = image.png; path = calendar.png; sourceTree = "<group>"; };
		8F1A6A6A298A3B7600138700 /* facebook@2x.png */ = {isa = PBXFileReference; lastKnownFileType = image.png; path = "facebook@2x.png"; sourceTree = "<group>"; };
		8F1A6A6B298A3B7700138700 /* connectivity-bar.png */ = {isa = PBXFileReference; lastKnownFileType = image.png; path = "connectivity-bar.png"; sourceTree = "<group>"; };
		8F1A6A6C298A3B7700138700 /* photo.png */ = {isa = PBXFileReference; lastKnownFileType = image.png; path = photo.png; sourceTree = "<group>"; };
		8F1A6A6D298A3B7700138700 /* menubar-bg.png */ = {isa = PBXFileReference; lastKnownFileType = image.png; path = "menubar-bg.png"; sourceTree = "<group>"; };
		8F1A6A6E298A3B7700138700 /* google@2x.png */ = {isa = PBXFileReference; lastKnownFileType = image.png; path = "google@2x.png"; sourceTree = "<group>"; };
		8F1A6A6F298A3B7700138700 /* checkmark@2x.png */ = {isa = PBXFileReference; lastKnownFileType = image.png; path = "checkmark@2x.png"; sourceTree = "<group>"; };
		8F1A6A70298A3B7700138700 /* file-tree.png */ = {isa = PBXFileReference; lastKnownFileType = image.png; path = "file-tree.png"; sourceTree = "<group>"; };
/* End PBXFileReference section */

/* Begin PBXFrameworksBuildPhase section */
		8F1A6A45298A32EE00138700 /* Frameworks */ = {
			isa = PBXFrameworksBuildPhase;
			buildActionMask = 2147483647;
			files = (
			);
			runOnlyForDeploymentPostprocessing = 0;
		};
/* End PBXFrameworksBuildPhase section */

/* Begin PBXGroup section */
		8F1A6A3F298A32EE00138700 = {
			isa = PBXGroup;
			children = (
				8F1A6A4A298A32EE00138700 /* Chapter03-TabBar */,
				8F1A6A49298A32EE00138700 /* Products */,
			);
			sourceTree = "<group>";
		};
		8F1A6A49298A32EE00138700 /* Products */ = {
			isa = PBXGroup;
			children = (
				8F1A6A48298A32EE00138700 /* Chapter03-TabBar.app */,
			);
			name = Products;
			sourceTree = "<group>";
		};
		8F1A6A4A298A32EE00138700 /* Chapter03-TabBar */ = {
			isa = PBXGroup;
			children = (
				8F1A6A63298A3A9A00138700 /* Resources */,
				8F1A6A4B298A32EE00138700 /* AppDelegate.swift */,
				8F1A6A4D298A32EE00138700 /* SceneDelegate.swift */,
				8F1A6A4F298A32EE00138700 /* ViewController.swift */,
				8F1A6A5F298A33E900138700 /* SecondViewController.swift */,
				8F1A6A61298A33FB00138700 /* ThirdViewController.swift */,
				8F1A6A51298A32EE00138700 /* Main.storyboard */,
				8F1A6A54298A32EF00138700 /* Assets.xcassets */,
				8F1A6A56298A32EF00138700 /* LaunchScreen.storyboard */,
				8F1A6A59298A32EF00138700 /* Info.plist */,
			);
			path = "Chapter03-TabBar";
			sourceTree = "<group>";
		};
		8F1A6A63298A3A9A00138700 /* Resources */ = {
			isa = PBXGroup;
			children = (
				8F1A6A69298A3B7600138700 /* calendar.png */,
				8F1A6A6F298A3B7700138700 /* checkmark@2x.png */,
				8F1A6A6B298A3B7700138700 /* connectivity-bar.png */,
				8F1A6A65298A3B7600138700 /* designbump@2x.png */,
				8F1A6A6A298A3B7600138700 /* facebook@2x.png */,
				8F1A6A70298A3B7700138700 /* file-tree.png */,
				8F1A6A6E298A3B7700138700 /* google@2x.png */,
				8F1A6A66298A3B7600138700 /* homes_119.png */,
				8F1A6A64298A3B7600138700 /* menubar-bg-mini.png */,
				8F1A6A6D298A3B7700138700 /* menubar-bg.png */,
				8F1A6A6C298A3B7700138700 /* photo.png */,
				8F1A6A68298A3B7600138700 /* rss@2x.png */,
				8F1A6A67298A3B7600138700 /* twitter@2x.png */,
			);
			path = Resources;
			sourceTree = "<group>";
		};
/* End PBXGroup section */

/* Begin PBXNativeTarget section */
		8F1A6A47298A32EE00138700 /* Chapter03-TabBar */ = {
			isa = PBXNativeTarget;
			buildConfigurationList = 8F1A6A5C298A32EF00138700 /* Build configuration list for PBXNativeTarget "Chapter03-TabBar" */;
			buildPhases = (
				8F1A6A44298A32EE00138700 /* Sources */,
				8F1A6A45298A32EE00138700 /* Frameworks */,
				8F1A6A46298A32EE00138700 /* Resources */,
			);
			buildRules = (
			);
			dependencies = (
			);
			name = "Chapter03-TabBar";
			productName = "Chapter03-TabBar";
			productReference = 8F1A6A48298A32EE00138700 /* Chapter03-TabBar.app */;
			productType = "com.apple.product-type.application";
		};
/* End PBXNativeTarget section */

/* Begin PBXProject section */
		8F1A6A40298A32EE00138700 /* Project object */ = {
			isa = PBXProject;
			attributes = {
				BuildIndependentTargetsInParallel = 1;
				LastSwiftUpdateCheck = 1410;
				LastUpgradeCheck = 1410;
				TargetAttributes = {
					8F1A6A47298A32EE00138700 = {
						CreatedOnToolsVersion = 14.1;
					};
				};
			};
			buildConfigurationList = 8F1A6A43298A32EE00138700 /* Build configuration list for PBXProject "Chapter03-TabBar" */;
			compatibilityVersion = "Xcode 14.0";
			developmentRegion = en;
			hasScannedForEncodings = 0;
			knownRegions = (
				en,
				Base,
			);
			mainGroup = 8F1A6A3F298A32EE00138700;
			productRefGroup = 8F1A6A49298A32EE00138700 /* Products */;
			projectDirPath = "";
			projectRoot = "";
			targets = (
				8F1A6A47298A32EE00138700 /* Chapter03-TabBar */,
			);
		};
/* End PBXProject section */

/* Begin PBXResourcesBuildPhase section */
		8F1A6A46298A32EE00138700 /* Resources */ = {
			isa = PBXResourcesBuildPhase;
			buildActionMask = 2147483647;
			files = (
				8F1A6A77298A3B7700138700 /* facebook@2x.png in Resources */,
				8F1A6A7A298A3B7700138700 /* menubar-bg.png in Resources */,
				8F1A6A71298A3B7700138700 /* menubar-bg-mini.png in Resources */,
				8F1A6A79298A3B7700138700 /* photo.png in Resources */,
				8F1A6A7C298A3B7700138700 /* checkmark@2x.png in Resources */,
				8F1A6A58298A32EF00138700 /* LaunchScreen.storyboard in Resources */,
				8F1A6A55298A32EF00138700 /* Assets.xcassets in Resources */,
				8F1A6A72298A3B7700138700 /* designbump@2x.png in Resources */,
				8F1A6A76298A3B7700138700 /* calendar.png in Resources */,
				8F1A6A73298A3B7700138700 /* homes_119.png in Resources */,
				8F1A6A53298A32EE00138700 /* Main.storyboard in Resources */,
				8F1A6A74298A3B7700138700 /* twitter@2x.png in Resources */,
				8F1A6A7B298A3B7700138700 /* google@2x.png in Resources */,
				8F1A6A7D298A3B7700138700 /* file-tree.png in Resources */,
				8F1A6A75298A3B7700138700 /* rss@2x.png in Resources */,
				8F1A6A78298A3B7700138700 /* connectivity-bar.png in Resources */,
			);
			runOnlyForDeploymentPostprocessing = 0;
		};
/* End PBXResourcesBuildPhase section */

/* Begin PBXSourcesBuildPhase section */
		8F1A6A44298A32EE00138700 /* Sources */ = {
			isa = PBXSourcesBuildPhase;
			buildActionMask = 2147483647;
			files = (
				8F1A6A60298A33E900138700 /* SecondViewController.swift in Sources */,
				8F1A6A50298A32EE00138700 /* ViewController.swift in Sources */,
				8F1A6A62298A33FB00138700 /* ThirdViewController.swift in Sources */,
				8F1A6A4C298A32EE00138700 /* AppDelegate.swift in Sources */,
				8F1A6A4E298A32EE00138700 /* SceneDelegate.swift in Sources */,
			);
			runOnlyForDeploymentPostprocessing = 0;
		};
/* End PBXSourcesBuildPhase section */

/* Begin PBXVariantGroup section */
		8F1A6A51298A32EE00138700 /* Main.storyboard */ = {
			isa = PBXVariantGroup;
			children = (
				8F1A6A52298A32EE00138700 /* Base */,
			);
			name = Main.storyboard;
			sourceTree = "<group>";
		};
		8F1A6A56298A32EF00138700 /* LaunchScreen.storyboard */ = {
			isa = PBXVariantGroup;
			children = (
				8F1A6A57298A32EF00138700 /* Base */,
			);
			name = LaunchScreen.storyboard;
			sourceTree = "<group>";
		};
/* End PBXVariantGroup section */

/* Begin XCBuildConfiguration section */
		8F1A6A5A298A32EF00138700 /* Debug */ = {
			isa = XCBuildConfiguration;
			buildSettings = {
				ALWAYS_SEARCH_USER_PATHS = NO;
				CLANG_ANALYZER_NONNULL = YES;
				CLANG_ANALYZER_NUMBER_OBJECT_CONVERSION = YES_AGGRESSIVE;
				CLANG_CXX_LANGUAGE_STANDARD = "gnu++20";
				CLANG_ENABLE_MODULES = YES;
				CLANG_ENABLE_OBJC_ARC = YES;
				CLANG_ENABLE_OBJC_WEAK = YES;
				CLANG_WARN_BLOCK_CAPTURE_AUTORELEASING = YES;
				CLANG_WARN_BOOL_CONVERSION = YES;
				CLANG_WARN_COMMA = YES;
				CLANG_WARN_CONSTANT_CONVERSION = YES;
				CLANG_WARN_DEPRECATED_OBJC_IMPLEMENTATIONS = YES;
				CLANG_WARN_DIRECT_OBJC_ISA_USAGE = YES_ERROR;
				CLANG_WARN_DOCUMENTATION_COMMENTS = YES;
				CLANG_WARN_EMPTY_BODY = YES;
				CLANG_WARN_ENUM_CONVERSION = YES;
				CLANG_WARN_INFINITE_RECURSION = YES;
				CLANG_WARN_INT_CONVERSION = YES;
				CLANG_WARN_NON_LITERAL_NULL_CONVERSION = YES;
				CLANG_WARN_OBJC_IMPLICIT_RETAIN_SELF = YES;
				CLANG_WARN_OBJC_LITERAL_CONVERSION = YES;
				CLANG_WARN_OBJC_ROOT_CLASS = YES_ERROR;
				CLANG_WARN_QUOTED_INCLUDE_IN_FRAMEWORK_HEADER = YES;
				CLANG_WARN_RANGE_LOOP_ANALYSIS = YES;
				CLANG_WARN_STRICT_PROTOTYPES = YES;
				CLANG_WARN_SUSPICIOUS_MOVE = YES;
				CLANG_WARN_UNGUARDED_AVAILABILITY = YES_AGGRESSIVE;
				CLANG_WARN_UNREACHABLE_CODE = YES;
				CLANG_WARN__DUPLICATE_METHOD_MATCH = YES;
				COPY_PHASE_STRIP = NO;
				DEBUG_INFORMATION_FORMAT = dwarf;
				ENABLE_STRICT_OBJC_MSGSEND = YES;
				ENABLE_TESTABILITY = YES;
				GCC_C_LANGUAGE_STANDARD = gnu11;
				GCC_DYNAMIC_NO_PIC = NO;
				GCC_NO_COMMON_BLOCKS = YES;
				GCC_OPTIMIZATION_LEVEL = 0;
				GCC_PREPROCESSOR_DEFINITIONS = (
					"DEBUG=1",
					"$(inherited)",
				);
				GCC_WARN_64_TO_32_BIT_CONVERSION = YES;
				GCC_WARN_ABOUT_RETURN_TYPE = YES_ERROR;
				GCC_WARN_UNDECLARED_SELECTOR = YES;
				GCC_WARN_UNINITIALIZED_AUTOS = YES_AGGRESSIVE;
				GCC_WARN_UNUSED_FUNCTION = YES;
				GCC_WARN_UNUSED_VARIABLE = YES;
				IPHONEOS_DEPLOYMENT_TARGET = 16.1;
				MTL_ENABLE_DEBUG_INFO = INCLUDE_SOURCE;
				MTL_FAST_MATH = YES;
				ONLY_ACTIVE_ARCH = YES;
				SDKROOT = iphoneos;
				SWIFT_ACTIVE_COMPILATION_CONDITIONS = DEBUG;
				SWIFT_OPTIMIZATION_LEVEL = "-Onone";
			};
			name = Debug;
		};
		8F1A6A5B298A32EF00138700 /* Release */ = {
			isa = XCBuildConfiguration;
			buildSettings = {
				ALWAYS_SEARCH_USER_PATHS = NO;
				CLANG_ANALYZER_NONNULL = YES;
				CLANG_ANALYZER_NUMBER_OBJECT_CONVERSION = YES_AGGRESSIVE;
				CLANG_CXX_LANGUAGE_STANDARD = "gnu++20";
				CLANG_ENABLE_MODULES = YES;
				CLANG_ENABLE_OBJC_ARC = YES;
				CLANG_ENABLE_OBJC_WEAK = YES;
				CLANG_WARN_BLOCK_CAPTURE_AUTORELEASING = YES;
				CLANG_WARN_BOOL_CONVERSION = YES;
				CLANG_WARN_COMMA = YES;
				CLANG_WARN_CONSTANT_CONVERSION = YES;
				CLANG_WARN_DEPRECATED_OBJC_IMPLEMENTATIONS = YES;
				CLANG_WARN_DIRECT_OBJC_ISA_USAGE = YES_ERROR;
				CLANG_WARN_DOCUMENTATION_COMMENTS = YES;
				CLANG_WARN_EMPTY_BODY = YES;
				CLANG_WARN_ENUM_CONVERSION = YES;
				CLANG_WARN_INFINITE_RECURSION = YES;
				CLANG_WARN_INT_CONVERSION = YES;
				CLANG_WARN_NON_LITERAL_NULL_CONVERSION = YES;
				CLANG_WARN_OBJC_IMPLICIT_RETAIN_SELF = YES;
				CLANG_WARN_OBJC_LITERAL_CONVERSION = YES;
				CLANG_WARN_OBJC_ROOT_CLASS = YES_ERROR;
				CLANG_WARN_QUOTED_INCLUDE_IN_FRAMEWORK_HEADER = YES;
				CLANG_WARN_RANGE_LOOP_ANALYSIS = YES;
				CLANG_WARN_STRICT_PROTOTYPES = YES;
				CLANG_WARN_SUSPICIOUS_MOVE = YES;
				CLANG_WARN_UNGUARDED_AVAILABILITY = YES_AGGRESSIVE;
				CLANG_WARN_UNREACHABLE_CODE = YES;
				CLANG_WARN__DUPLICATE_METHOD_MATCH = YES;
				COPY_PHASE_STRIP = NO;
				DEBUG_INFORMATION_FORMAT = "dwarf-with-dsym";
				ENABLE_NS_ASSERTIONS = NO;
				ENABLE_STRICT_OBJC_MSGSEND = YES;
				GCC_C_LANGUAGE_STANDARD = gnu11;
				GCC_NO_COMMON_BLOCKS = YES;
				GCC_WARN_64_TO_32_BIT_CONVERSION = YES;
				GCC_WARN_ABOUT_RETURN_TYPE = YES_ERROR;
				GCC_WARN_UNDECLARED_SELECTOR = YES;
				GCC_WARN_UNINITIALIZED_AUTOS = YES_AGGRESSIVE;
				GCC_WARN_UNUSED_FUNCTION = YES;
				GCC_WARN_UNUSED_VARIABLE = YES;
				IPHONEOS_DEPLOYMENT_TARGET = 16.1;
				MTL_ENABLE_DEBUG_INFO = NO;
				MTL_FAST_MATH = YES;
				SDKROOT = iphoneos;
				SWIFT_COMPILATION_MODE = wholemodule;
				SWIFT_OPTIMIZATION_LEVEL = "-O";
				VALIDATE_PRODUCT = YES;
			};
			name = Release;
		};
		8F1A6A5D298A32EF00138700 /* Debug */ = {
			isa = XCBuildConfiguration;
			buildSettings = {
				ASSETCATALOG_COMPILER_APPICON_NAME = AppIcon;
				ASSETCATALOG_COMPILER_GLOBAL_ACCENT_COLOR_NAME = AccentColor;
				CODE_SIGN_STYLE = Automatic;
				CURRENT_PROJECT_VERSION = 1;
				DEVELOPMENT_TEAM = 62SDS28JUT;
				GENERATE_INFOPLIST_FILE = YES;
				INFOPLIST_FILE = "Chapter03-TabBar/Info.plist";
				INFOPLIST_KEY_UIApplicationSupportsIndirectInputEvents = YES;
				INFOPLIST_KEY_UILaunchStoryboardName = LaunchScreen;
				INFOPLIST_KEY_UIMainStoryboardFile = Main;
				INFOPLIST_KEY_UISupportedInterfaceOrientations_iPad = "UIInterfaceOrientationPortrait UIInterfaceOrientationPortraitUpsideDown UIInterfaceOrientationLandscapeLeft UIInterfaceOrientationLandscapeRight";
				INFOPLIST_KEY_UISupportedInterfaceOrientations_iPhone = "UIInterfaceOrientationPortrait UIInterfaceOrientationLandscapeLeft UIInterfaceOrientationLandscapeRight";
				IPHONEOS_DEPLOYMENT_TARGET = 15.0;
				LD_RUNPATH_SEARCH_PATHS = (
					"$(inherited)",
					"@executable_path/Frameworks",
				);
				MARKETING_VERSION = 1.0;
				PRODUCT_BUNDLE_IDENTIFIER = "bb.study.Chapter03-TabBar";
				PRODUCT_NAME = "$(TARGET_NAME)";
				SUPPORTED_PLATFORMS = "iphoneos iphonesimulator";
				SUPPORTS_MACCATALYST = NO;
				SUPPORTS_MAC_DESIGNED_FOR_IPHONE_IPAD = NO;
				SWIFT_EMIT_LOC_STRINGS = YES;
				SWIFT_VERSION = 5.0;
				TARGETED_DEVICE_FAMILY = 1;
			};
			name = Debug;
		};
		8F1A6A5E298A32EF00138700 /* Release */ = {
			isa = XCBuildConfiguration;
			buildSettings = {
				ASSETCATALOG_COMPILER_APPICON_NAME = AppIcon;
				ASSETCATALOG_COMPILER_GLOBAL_ACCENT_COLOR_NAME = AccentColor;
				CODE_SIGN_STYLE = Automatic;
				CURRENT_PROJECT_VERSION = 1;
				DEVELOPMENT_TEAM = 62SDS28JUT;
				GENERATE_INFOPLIST_FILE = YES;
				INFOPLIST_FILE = "Chapter03-TabBar/Info.plist";
				INFOPLIST_KEY_UIApplicationSupportsIndirectInputEvents = YES;
				INFOPLIST_KEY_UILaunchStoryboardName = LaunchScreen;
				INFOPLIST_KEY_UIMainStoryboardFile = Main;
				INFOPLIST_KEY_UISupportedInterfaceOrientations_iPad = "UIInterfaceOrientationPortrait UIInterfaceOrientationPortraitUpsideDown UIInterfaceOrientationLandscapeLeft UIInterfaceOrientationLandscapeRight";
				INFOPLIST_KEY_UISupportedInterfaceOrientations_iPhone = "UIInterfaceOrientationPortrait UIInterfaceOrientationLandscapeLeft UIInterfaceOrientationLandscapeRight";
				IPHONEOS_DEPLOYMENT_TARGET = 15.0;
				LD_RUNPATH_SEARCH_PATHS = (
					"$(inherited)",
					"@executable_path/Frameworks",
				);
				MARKETING_VERSION = 1.0;
				PRODUCT_BUNDLE_IDENTIFIER = "bb.study.Chapter03-TabBar";
				PRODUCT_NAME = "$(TARGET_NAME)";
				SUPPORTED_PLATFORMS = "iphoneos iphonesimulator";
				SUPPORTS_MACCATALYST = NO;
				SUPPORTS_MAC_DESIGNED_FOR_IPHONE_IPAD = NO;
				SWIFT_EMIT_LOC_STRINGS = YES;
				SWIFT_VERSION = 5.0;
				TARGETED_DEVICE_FAMILY = 1;
			};
			name = Release;
		};
/* End XCBuildConfiguration section */

/* Begin XCConfigurationList section */
		8F1A6A43298A32EE00138700 /* Build configuration list for PBXProject "Chapter03-TabBar" */ = {
			isa = XCConfigurationList;
			buildConfigurations = (
				8F1A6A5A298A32EF00138700 /* Debug */,
				8F1A6A5B298A32EF00138700 /* Release */,
			);
			defaultConfigurationIsVisible = 0;
			defaultConfigurationName = Release;
		};
		8F1A6A5C298A32EF00138700 /* Build configuration list for PBXNativeTarget "Chapter03-TabBar" */ = {
			isa = XCConfigurationList;
			buildConfigurations = (
				8F1A6A5D298A32EF00138700 /* Debug */,
				8F1A6A5E298A32EF00138700 /* Release */,
			);
			defaultConfigurationIsVisible = 0;
			defaultConfigurationName = Release;
		};
/* End XCConfigurationList section */
	};
	rootObject = 8F1A6A40298A32EE00138700 /* Project object */;
}
