// !$*UTF8*$!
{
	archiveVersion = 1;
	classes = {
	};
	objectVersion = 56;
	objects = {

/* Begin PBXBuildFile section */
		8F0A72F8299385E6006E79DB /* UserInfoManager.swift in Sources */ = {isa = PBXBuildFile; fileRef = 8F0A72F7299385E6006E79DB /* UserInfoManager.swift */; };
		8F0A72FC29948D7D006E79DB /* Utils.swift in Sources */ = {isa = PBXBuildFile; fileRef = 8F0A72FB29948D7D006E79DB /* Utils.swift */; };
		8F0A72FE29948F3C006E79DB /* TutorialContentsVC.swift in Sources */ = {isa = PBXBuildFile; fileRef = 8F0A72FD29948F3C006E79DB /* TutorialContentsVC.swift */; };
		8F21B02F299090F000202007 /* SWRevealViewController.m in Sources */ = {isa = PBXBuildFile; fileRef = 8F21B02D299090F000202007 /* SWRevealViewController.m */; };
		8F21B0492990970000202007 /* SideBarVC.swift in Sources */ = {isa = PBXBuildFile; fileRef = 8F21B0482990970000202007 /* SideBarVC.swift */; };
		8F21B04B29909EEC00202007 /* ProfileVC.swift in Sources */ = {isa = PBXBuildFile; fileRef = 8F21B04A29909EEC00202007 /* ProfileVC.swift */; };
		8F24062929A6029B00E38021 /* button-bg.png in Resources */ = {isa = PBXBuildFile; fileRef = 8FD0665029A6007400051B33 /* button-bg.png */; };
		8F24062A29A6029B00E38021 /* warning-icon-60@2x.png in Resources */ = {isa = PBXBuildFile; fileRef = 8FD0664E29A6005800051B33 /* warning-icon-60@2x.png */; };
		8F24062B29A6029B00E38021 /* account@2x.jpg in Resources */ = {isa = PBXBuildFile; fileRef = 8F21B0392990915600202007 /* account@2x.jpg */; };
		8F24062C29A6029B00E38021 /* icon01.png in Resources */ = {isa = PBXBuildFile; fileRef = 8F21B0312990915600202007 /* icon01.png */; };
		8F24062D29A6029B00E38021 /* icon02.png in Resources */ = {isa = PBXBuildFile; fileRef = 8F21B0352990915600202007 /* icon02.png */; };
		8F24062E29A6029B00E38021 /* icon03.png in Resources */ = {isa = PBXBuildFile; fileRef = 8F21B03A2990915600202007 /* icon03.png */; };
		8F24062F29A6029B00E38021 /* icon04.png in Resources */ = {isa = PBXBuildFile; fileRef = 8F21B03B2990915600202007 /* icon04.png */; };
		8F24063029A6029B00E38021 /* icon05.png in Resources */ = {isa = PBXBuildFile; fileRef = 8F21B0372990915600202007 /* icon05.png */; };
		8F24063129A6029B00E38021 /* icon06.png in Resources */ = {isa = PBXBuildFile; fileRef = 8F21B0332990915600202007 /* icon06.png */; };
		8F24063229A6029B00E38021 /* profile-bg.png in Resources */ = {isa = PBXBuildFile; fileRef = 8F21B0382990915600202007 /* profile-bg.png */; };
		8F24063329A6029B00E38021 /* sidemenu.png in Resources */ = {isa = PBXBuildFile; fileRef = 8F21B0342990915600202007 /* sidemenu.png */; };
		8F24063429A6029B00E38021 /* memo-background@2x.png in Resources */ = {isa = PBXBuildFile; fileRef = 8FCDE2E1298CFBEA0058845A /* memo-background@2x.png */; };
		8F24063529A602A000E38021 /* Assets.xcassets in Resources */ = {isa = PBXBuildFile; fileRef = 8F95926C294A7569000C96F2 /* Assets.xcassets */; };
		8F24063629A602A500E38021 /* Tutorial.storyboard in Resources */ = {isa = PBXBuildFile; fileRef = 8F24062729A6027D00E38021 /* Tutorial.storyboard */; };
		8F24063729A602A500E38021 /* LaunchScreen.storyboard in Resources */ = {isa = PBXBuildFile; fileRef = 8F95926E294A7569000C96F2 /* LaunchScreen.storyboard */; };
		8F24063829A602A500E38021 /* Main.storyboard in Resources */ = {isa = PBXBuildFile; fileRef = 8F959266294A7568000C96F2 /* Main.storyboard */; };
		8F24063B29A6073F00E38021 /* MemoDAO.swift in Sources */ = {isa = PBXBuildFile; fileRef = 8F24063A29A6073F00E38021 /* MemoDAO.swift */; };
		8F2EDB89299492EC00EB63E2 /* TutorialMasterVC.swift in Sources */ = {isa = PBXBuildFile; fileRef = 8F2EDB88299492EC00EB63E2 /* TutorialMasterVC.swift */; };
		8F959261294A7568000C96F2 /* AppDelegate.swift in Sources */ = {isa = PBXBuildFile; fileRef = 8F959260294A7568000C96F2 /* AppDelegate.swift */; };
		8F959263294A7568000C96F2 /* SceneDelegate.swift in Sources */ = {isa = PBXBuildFile; fileRef = 8F959262294A7568000C96F2 /* SceneDelegate.swift */; };
		8F95926B294A7568000C96F2 /* MyMemory.xcdatamodeld in Sources */ = {isa = PBXBuildFile; fileRef = 8F959269294A7568000C96F2 /* MyMemory.xcdatamodeld */; };
		8F95927B294A756A000C96F2 /* MyMemoryTests.swift in Sources */ = {isa = PBXBuildFile; fileRef = 8F95927A294A756A000C96F2 /* MyMemoryTests.swift */; };
		8F959285294A756A000C96F2 /* MyMemoryUITests.swift in Sources */ = {isa = PBXBuildFile; fileRef = 8F959284294A756A000C96F2 /* MyMemoryUITests.swift */; };
		8F959287294A756A000C96F2 /* MyMemoryUITestsLaunchTests.swift in Sources */ = {isa = PBXBuildFile; fileRef = 8F959286294A756A000C96F2 /* MyMemoryUITestsLaunchTests.swift */; };
		8F9D8C312953F2690078FEA3 /* MemoListVC.swift in Sources */ = {isa = PBXBuildFile; fileRef = 8F9D8C302953F2690078FEA3 /* MemoListVC.swift */; };
		8F9D8C332953F29D0078FEA3 /* MemoFormVC.swift in Sources */ = {isa = PBXBuildFile; fileRef = 8F9D8C322953F29D0078FEA3 /* MemoFormVC.swift */; };
		8F9D8C352953F2B20078FEA3 /* MemoReadVC.swift in Sources */ = {isa = PBXBuildFile; fileRef = 8F9D8C342953F2B20078FEA3 /* MemoReadVC.swift */; };
		8F9D8C392953F3C60078FEA3 /* MemoCell.swift in Sources */ = {isa = PBXBuildFile; fileRef = 8F9D8C382953F3C60078FEA3 /* MemoCell.swift */; };
		8F9D8C3B2953FDD90078FEA3 /* MemoData.swift in Sources */ = {isa = PBXBuildFile; fileRef = 8F9D8C3A2953FDD90078FEA3 /* MemoData.swift */; };
		8FCDE2DF298CF9C60058845A /* CSLogButton.swift in Sources */ = {isa = PBXBuildFile; fileRef = 8FCDE2DE298CF9C60058845A /* CSLogButton.swift */; };
/* End PBXBuildFile section */

/* Begin PBXContainerItemProxy section */
		8F959277294A7569000C96F2 /* PBXContainerItemProxy */ = {
			isa = PBXContainerItemProxy;
			containerPortal = 8F959255294A7568000C96F2 /* Project object */;
			proxyType = 1;
			remoteGlobalIDString = 8F95925C294A7568000C96F2;
			remoteInfo = MyMemory;
		};
		8F959281294A756A000C96F2 /* PBXContainerItemProxy */ = {
			isa = PBXContainerItemProxy;
			containerPortal = 8F959255294A7568000C96F2 /* Project object */;
			proxyType = 1;
			remoteGlobalIDString = 8F95925C294A7568000C96F2;
			remoteInfo = MyMemory;
		};
/* End PBXContainerItemProxy section */

/* Begin PBXFileReference section */
		8F0A72F7299385E6006E79DB /* UserInfoManager.swift */ = {isa = PBXFileReference; lastKnownFileType = sourcecode.swift; path = UserInfoManager.swift; sourceTree = "<group>"; };
		8F0A72FB29948D7D006E79DB /* Utils.swift */ = {isa = PBXFileReference; lastKnownFileType = sourcecode.swift; path = Utils.swift; sourceTree = "<group>"; };
		8F0A72FD29948F3C006E79DB /* TutorialContentsVC.swift */ = {isa = PBXFileReference; lastKnownFileType = sourcecode.swift; path = TutorialContentsVC.swift; sourceTree = "<group>"; };
		8F21B02C299090F000202007 /* MyMemory-Bridging-Header.h */ = {isa = PBXFileReference; lastKnownFileType = sourcecode.c.h; path = "MyMemory-Bridging-Header.h"; sourceTree = "<group>"; };
		8F21B02D299090F000202007 /* SWRevealViewController.m */ = {isa = PBXFileReference; fileEncoding = 4; lastKnownFileType = sourcecode.c.objc; path = SWRevealViewController.m; sourceTree = "<group>"; };
		8F21B02E299090F000202007 /* SWRevealViewController.h */ = {isa = PBXFileReference; fileEncoding = 4; lastKnownFileType = sourcecode.c.h; path = SWRevealViewController.h; sourceTree = "<group>"; };
		8F21B0312990915600202007 /* icon01.png */ = {isa = PBXFileReference; lastKnownFileType = image.png; path = icon01.png; sourceTree = "<group>"; };
		8F21B0332990915600202007 /* icon06.png */ = {isa = PBXFileReference; lastKnownFileType = image.png; path = icon06.png; sourceTree = "<group>"; };
		8F21B0342990915600202007 /* sidemenu.png */ = {isa = PBXFileReference; lastKnownFileType = image.png; path = sidemenu.png; sourceTree = "<group>"; };
		8F21B0352990915600202007 /* icon02.png */ = {isa = PBXFileReference; lastKnownFileType = image.png; path = icon02.png; sourceTree = "<group>"; };
		8F21B0372990915600202007 /* icon05.png */ = {isa = PBXFileReference; lastKnownFileType = image.png; path = icon05.png; sourceTree = "<group>"; };
		8F21B0382990915600202007 /* profile-bg.png */ = {isa = PBXFileReference; lastKnownFileType = image.png; path = "profile-bg.png"; sourceTree = "<group>"; };
		8F21B0392990915600202007 /* account@2x.jpg */ = {isa = PBXFileReference; lastKnownFileType = image.jpeg; path = "account@2x.jpg"; sourceTree = "<group>"; };
		8F21B03A2990915600202007 /* icon03.png */ = {isa = PBXFileReference; lastKnownFileType = image.png; path = icon03.png; sourceTree = "<group>"; };
		8F21B03B2990915600202007 /* icon04.png */ = {isa = PBXFileReference; lastKnownFileType = image.png; path = icon04.png; sourceTree = "<group>"; };
		8F21B0482990970000202007 /* SideBarVC.swift */ = {isa = PBXFileReference; lastKnownFileType = sourcecode.swift; path = SideBarVC.swift; sourceTree = "<group>"; };
		8F21B04A29909EEC00202007 /* ProfileVC.swift */ = {isa = PBXFileReference; lastKnownFileType = sourcecode.swift; path = ProfileVC.swift; sourceTree = "<group>"; };
		8F24062729A6027D00E38021 /* Tutorial.storyboard */ = {isa = PBXFileReference; lastKnownFileType = file.storyboard; name = Tutorial.storyboard; path = ../../Tutorial.storyboard; sourceTree = "<group>"; };
		8F24063A29A6073F00E38021 /* MemoDAO.swift */ = {isa = PBXFileReference; lastKnownFileType = sourcecode.swift; path = MemoDAO.swift; sourceTree = "<group>"; };
		8F2EDB88299492EC00EB63E2 /* TutorialMasterVC.swift */ = {isa = PBXFileReference; lastKnownFileType = sourcecode.swift; path = TutorialMasterVC.swift; sourceTree = "<group>"; };
		8F95925D294A7568000C96F2 /* MyMemory.app */ = {isa = PBXFileReference; explicitFileType = wrapper.application; includeInIndex = 0; path = MyMemory.app; sourceTree = BUILT_PRODUCTS_DIR; };
		8F959260294A7568000C96F2 /* AppDelegate.swift */ = {isa = PBXFileReference; lastKnownFileType = sourcecode.swift; path = AppDelegate.swift; sourceTree = "<group>"; };
		8F959262294A7568000C96F2 /* SceneDelegate.swift */ = {isa = PBXFileReference; lastKnownFileType = sourcecode.swift; path = SceneDelegate.swift; sourceTree = "<group>"; };
		8F959267294A7568000C96F2 /* Base */ = {isa = PBXFileReference; lastKnownFileType = file.storyboard; name = Base; path = Base.lproj/Main.storyboard; sourceTree = "<group>"; };
		8F95926A294A7568000C96F2 /* MyMemory.xcdatamodel */ = {isa = PBXFileReference; lastKnownFileType = wrapper.xcdatamodel; path = MyMemory.xcdatamodel; sourceTree = "<group>"; };
		8F95926C294A7569000C96F2 /* Assets.xcassets */ = {isa = PBXFileReference; lastKnownFileType = folder.assetcatalog; path = Assets.xcassets; sourceTree = "<group>"; };
		8F95926F294A7569000C96F2 /* Base */ = {isa = PBXFileReference; lastKnownFileType = file.storyboard; name = Base; path = Base.lproj/LaunchScreen.storyboard; sourceTree = "<group>"; };
		8F959271294A7569000C96F2 /* Info.plist */ = {isa = PBXFileReference; lastKnownFileType = text.plist.xml; path = Info.plist; sourceTree = "<group>"; };
		8F959276294A7569000C96F2 /* MyMemoryTests.xctest */ = {isa = PBXFileReference; explicitFileType = wrapper.cfbundle; includeInIndex = 0; path = MyMemoryTests.xctest; sourceTree = BUILT_PRODUCTS_DIR; };
		8F95927A294A756A000C96F2 /* MyMemoryTests.swift */ = {isa = PBXFileReference; lastKnownFileType = sourcecode.swift; path = MyMemoryTests.swift; sourceTree = "<group>"; };
		8F959280294A756A000C96F2 /* MyMemoryUITests.xctest */ = {isa = PBXFileReference; explicitFileType = wrapper.cfbundle; includeInIndex = 0; path = MyMemoryUITests.xctest; sourceTree = BUILT_PRODUCTS_DIR; };
		8F959284294A756A000C96F2 /* MyMemoryUITests.swift */ = {isa = PBXFileReference; lastKnownFileType = sourcecode.swift; path = MyMemoryUITests.swift; sourceTree = "<group>"; };
		8F959286294A756A000C96F2 /* MyMemoryUITestsLaunchTests.swift */ = {isa = PBXFileReference; lastKnownFileType = sourcecode.swift; path = MyMemoryUITestsLaunchTests.swift; sourceTree = "<group>"; };
		8F9D8C302953F2690078FEA3 /* MemoListVC.swift */ = {isa = PBXFileReference; lastKnownFileType = sourcecode.swift; path = MemoListVC.swift; sourceTree = "<group>"; };
		8F9D8C322953F29D0078FEA3 /* MemoFormVC.swift */ = {isa = PBXFileReference; lastKnownFileType = sourcecode.swift; path = MemoFormVC.swift; sourceTree = "<group>"; };
		8F9D8C342953F2B20078FEA3 /* MemoReadVC.swift */ = {isa = PBXFileReference; lastKnownFileType = sourcecode.swift; path = MemoReadVC.swift; sourceTree = "<group>"; };
		8F9D8C382953F3C60078FEA3 /* MemoCell.swift */ = {isa = PBXFileReference; lastKnownFileType = sourcecode.swift; path = MemoCell.swift; sourceTree = "<group>"; };
		8F9D8C3A2953FDD90078FEA3 /* MemoData.swift */ = {isa = PBXFileReference; lastKnownFileType = sourcecode.swift; path = MemoData.swift; sourceTree = "<group>"; };
		8FCDE2DE298CF9C60058845A /* CSLogButton.swift */ = {isa = PBXFileReference; lastKnownFileType = sourcecode.swift; path = CSLogButton.swift; sourceTree = "<group>"; };
		8FCDE2E1298CFBEA0058845A /* memo-background@2x.png */ = {isa = PBXFileReference; lastKnownFileType = image.png; path = "memo-background@2x.png"; sourceTree = "<group>"; };
		8FD0664E29A6005800051B33 /* warning-icon-60@2x.png */ = {isa = PBXFileReference; lastKnownFileType = image.png; path = "warning-icon-60@2x.png"; sourceTree = "<group>"; };
		8FD0665029A6007400051B33 /* button-bg.png */ = {isa = PBXFileReference; lastKnownFileType = image.png; path = "button-bg.png"; sourceTree = "<group>"; };
/* End PBXFileReference section */

/* Begin PBXFrameworksBuildPhase section */
		8F95925A294A7568000C96F2 /* Frameworks */ = {
			isa = PBXFrameworksBuildPhase;
			buildActionMask = 2147483647;
			files = (
			);
			runOnlyForDeploymentPostprocessing = 0;
		};
		8F959273294A7569000C96F2 /* Frameworks */ = {
			isa = PBXFrameworksBuildPhase;
			buildActionMask = 2147483647;
			files = (
			);
			runOnlyForDeploymentPostprocessing = 0;
		};
		8F95927D294A756A000C96F2 /* Frameworks */ = {
			isa = PBXFrameworksBuildPhase;
			buildActionMask = 2147483647;
			files = (
			);
			runOnlyForDeploymentPostprocessing = 0;
		};
/* End PBXFrameworksBuildPhase section */

/* Begin PBXGroup section */
		8F0A72FF29948F74006E79DB /* Tutorial */ = {
			isa = PBXGroup;
			children = (
				8F0A72FD29948F3C006E79DB /* TutorialContentsVC.swift */,
				8F2EDB88299492EC00EB63E2 /* TutorialMasterVC.swift */,
			);
			name = Tutorial;
			sourceTree = "<group>";
		};
		8F24063929A6072900E38021 /* DAO */ = {
			isa = PBXGroup;
			children = (
				8F24063A29A6073F00E38021 /* MemoDAO.swift */,
			);
			path = DAO;
			sourceTree = "<group>";
		};
		8F959254294A7568000C96F2 = {
			isa = PBXGroup;
			children = (
				8F95925F294A7568000C96F2 /* MyMemory */,
				8F959279294A756A000C96F2 /* MyMemoryTests */,
				8F959283294A756A000C96F2 /* MyMemoryUITests */,
				8F95925E294A7568000C96F2 /* Products */,
			);
			sourceTree = "<group>";
		};
		8F95925E294A7568000C96F2 /* Products */ = {
			isa = PBXGroup;
			children = (
				8F95925D294A7568000C96F2 /* MyMemory.app */,
				8F959276294A7569000C96F2 /* MyMemoryTests.xctest */,
				8F959280294A756A000C96F2 /* MyMemoryUITests.xctest */,
			);
			name = Products;
			sourceTree = "<group>";
		};
		8F95925F294A7568000C96F2 /* MyMemory */ = {
			isa = PBXGroup;
			children = (
				8FD0664529A5FF9800051B33 /* Sources */,
				8F959269294A7568000C96F2 /* MyMemory.xcdatamodeld */,
				8F0A72FF29948F74006E79DB /* Tutorial */,
				8FCDE2E0298CFBDA0058845A /* Resources */,
			);
			path = MyMemory;
			sourceTree = "<group>";
		};
		8F959279294A756A000C96F2 /* MyMemoryTests */ = {
			isa = PBXGroup;
			children = (
				8F95927A294A756A000C96F2 /* MyMemoryTests.swift */,
			);
			path = MyMemoryTests;
			sourceTree = "<group>";
		};
		8F959283294A756A000C96F2 /* MyMemoryUITests */ = {
			isa = PBXGroup;
			children = (
				8F959284294A756A000C96F2 /* MyMemoryUITests.swift */,
				8F959286294A756A000C96F2 /* MyMemoryUITestsLaunchTests.swift */,
			);
			path = MyMemoryUITests;
			sourceTree = "<group>";
		};
		8FCDE2E0298CFBDA0058845A /* Resources */ = {
			isa = PBXGroup;
			children = (
				8FD0665929A6022D00051B33 /* Storyboards */,
				8FD0665829A6021F00051B33 /* Delegates */,
				8F959271294A7569000C96F2 /* Info.plist */,
				8F95926C294A7569000C96F2 /* Assets.xcassets */,
				8FD0664729A5FFC200051B33 /* Images */,
			);
			path = Resources;
			sourceTree = "<group>";
		};
		8FD0664529A5FF9800051B33 /* Sources */ = {
			isa = PBXGroup;
			children = (
				8F24063929A6072900E38021 /* DAO */,
				8FD0665729A6020000051B33 /* Models */,
				8FD0665629A601EB00051B33 /* Classes */,
				8FD0665529A601E200051B33 /* Cells */,
				8FD0665429A6014E00051B33 /* Libraries */,
				8FD0665329A600DE00051B33 /* Views */,
				8FD0665229A600D100051B33 /* Extensions */,
			);
			path = Sources;
			sourceTree = "<group>";
		};
		8FD0664729A5FFC200051B33 /* Images */ = {
			isa = PBXGroup;
			children = (
				8FD0665029A6007400051B33 /* button-bg.png */,
				8FD0664E29A6005800051B33 /* warning-icon-60@2x.png */,
				8F21B0392990915600202007 /* account@2x.jpg */,
				8F21B0312990915600202007 /* icon01.png */,
				8F21B0352990915600202007 /* icon02.png */,
				8F21B03A2990915600202007 /* icon03.png */,
				8F21B03B2990915600202007 /* icon04.png */,
				8F21B0372990915600202007 /* icon05.png */,
				8F21B0332990915600202007 /* icon06.png */,
				8F21B0382990915600202007 /* profile-bg.png */,
				8F21B0342990915600202007 /* sidemenu.png */,
				8FCDE2E1298CFBEA0058845A /* memo-background@2x.png */,
			);
			path = Images;
			sourceTree = "<group>";
		};
		8FD0665229A600D100051B33 /* Extensions */ = {
			isa = PBXGroup;
			children = (
				8F0A72FB29948D7D006E79DB /* Utils.swift */,
			);
			path = Extensions;
			sourceTree = "<group>";
		};
		8FD0665329A600DE00051B33 /* Views */ = {
			isa = PBXGroup;
			children = (
				8F21B0482990970000202007 /* SideBarVC.swift */,
				8F21B04A29909EEC00202007 /* ProfileVC.swift */,
				8F9D8C302953F2690078FEA3 /* MemoListVC.swift */,
				8F9D8C322953F29D0078FEA3 /* MemoFormVC.swift */,
				8F9D8C342953F2B20078FEA3 /* MemoReadVC.swift */,
			);
			path = Views;
			sourceTree = "<group>";
		};
		8FD0665429A6014E00051B33 /* Libraries */ = {
			isa = PBXGroup;
			children = (
				8F21B02E299090F000202007 /* SWRevealViewController.h */,
				8F21B02D299090F000202007 /* SWRevealViewController.m */,
				8F21B02C299090F000202007 /* MyMemory-Bridging-Header.h */,
			);
			path = Libraries;
			sourceTree = "<group>";
		};
		8FD0665529A601E200051B33 /* Cells */ = {
			isa = PBXGroup;
			children = (
				8F9D8C382953F3C60078FEA3 /* MemoCell.swift */,
			);
			path = Cells;
			sourceTree = "<group>";
		};
		8FD0665629A601EB00051B33 /* Classes */ = {
			isa = PBXGroup;
			children = (
				8FCDE2DE298CF9C60058845A /* CSLogButton.swift */,
			);
			path = Classes;
			sourceTree = "<group>";
		};
		8FD0665729A6020000051B33 /* Models */ = {
			isa = PBXGroup;
			children = (
				8F9D8C3A2953FDD90078FEA3 /* MemoData.swift */,
				8F0A72F7299385E6006E79DB /* UserInfoManager.swift */,
			);
			path = Models;
			sourceTree = "<group>";
		};
		8FD0665829A6021F00051B33 /* Delegates */ = {
			isa = PBXGroup;
			children = (
				8F959260294A7568000C96F2 /* AppDelegate.swift */,
				8F959262294A7568000C96F2 /* SceneDelegate.swift */,
			);
			path = Delegates;
			sourceTree = "<group>";
		};
		8FD0665929A6022D00051B33 /* Storyboards */ = {
			isa = PBXGroup;
			children = (
				8F24062729A6027D00E38021 /* Tutorial.storyboard */,
				8F95926E294A7569000C96F2 /* LaunchScreen.storyboard */,
				8F959266294A7568000C96F2 /* Main.storyboard */,
			);
			path = Storyboards;
			sourceTree = "<group>";
		};
/* End PBXGroup section */

/* Begin PBXNativeTarget section */
		8F95925C294A7568000C96F2 /* MyMemory */ = {
			isa = PBXNativeTarget;
			buildConfigurationList = 8F95928A294A756A000C96F2 /* Build configuration list for PBXNativeTarget "MyMemory" */;
			buildPhases = (
				8F959259294A7568000C96F2 /* Sources */,
				8F95925A294A7568000C96F2 /* Frameworks */,
				8F95925B294A7568000C96F2 /* Resources */,
			);
			buildRules = (
			);
			dependencies = (
			);
			name = MyMemory;
			productName = MyMemory;
			productReference = 8F95925D294A7568000C96F2 /* MyMemory.app */;
			productType = "com.apple.product-type.application";
		};
		8F959275294A7569000C96F2 /* MyMemoryTests */ = {
			isa = PBXNativeTarget;
			buildConfigurationList = 8F95928D294A756A000C96F2 /* Build configuration list for PBXNativeTarget "MyMemoryTests" */;
			buildPhases = (
				8F959272294A7569000C96F2 /* Sources */,
				8F959273294A7569000C96F2 /* Frameworks */,
				8F959274294A7569000C96F2 /* Resources */,
			);
			buildRules = (
			);
			dependencies = (
				8F959278294A7569000C96F2 /* PBXTargetDependency */,
			);
			name = MyMemoryTests;
			productName = MyMemoryTests;
			productReference = 8F959276294A7569000C96F2 /* MyMemoryTests.xctest */;
			productType = "com.apple.product-type.bundle.unit-test";
		};
		8F95927F294A756A000C96F2 /* MyMemoryUITests */ = {
			isa = PBXNativeTarget;
			buildConfigurationList = 8F959290294A756A000C96F2 /* Build configuration list for PBXNativeTarget "MyMemoryUITests" */;
			buildPhases = (
				8F95927C294A756A000C96F2 /* Sources */,
				8F95927D294A756A000C96F2 /* Frameworks */,
				8F95927E294A756A000C96F2 /* Resources */,
			);
			buildRules = (
			);
			dependencies = (
				8F959282294A756A000C96F2 /* PBXTargetDependency */,
			);
			name = MyMemoryUITests;
			productName = MyMemoryUITests;
			productReference = 8F959280294A756A000C96F2 /* MyMemoryUITests.xctest */;
			productType = "com.apple.product-type.bundle.ui-testing";
		};
/* End PBXNativeTarget section */

/* Begin PBXProject section */
		8F959255294A7568000C96F2 /* Project object */ = {
			isa = PBXProject;
			attributes = {
				BuildIndependentTargetsInParallel = 1;
				LastSwiftUpdateCheck = 1410;
				LastUpgradeCheck = 1410;
				TargetAttributes = {
					8F95925C294A7568000C96F2 = {
						CreatedOnToolsVersion = 14.1;
						LastSwiftMigration = 1420;
					};
					8F959275294A7569000C96F2 = {
						CreatedOnToolsVersion = 14.1;
						TestTargetID = 8F95925C294A7568000C96F2;
					};
					8F95927F294A756A000C96F2 = {
						CreatedOnToolsVersion = 14.1;
						TestTargetID = 8F95925C294A7568000C96F2;
					};
				};
			};
			buildConfigurationList = 8F959258294A7568000C96F2 /* Build configuration list for PBXProject "MyMemory" */;
			compatibilityVersion = "Xcode 14.0";
			developmentRegion = en;
			hasScannedForEncodings = 0;
			knownRegions = (
				en,
				Base,
			);
			mainGroup = 8F959254294A7568000C96F2;
			productRefGroup = 8F95925E294A7568000C96F2 /* Products */;
			projectDirPath = "";
			projectRoot = "";
			targets = (
				8F95925C294A7568000C96F2 /* MyMemory */,
				8F959275294A7569000C96F2 /* MyMemoryTests */,
				8F95927F294A756A000C96F2 /* MyMemoryUITests */,
			);
		};
/* End PBXProject section */

/* Begin PBXResourcesBuildPhase section */
		8F95925B294A7568000C96F2 /* Resources */ = {
			isa = PBXResourcesBuildPhase;
			buildActionMask = 2147483647;
			files = (
				8F24063629A602A500E38021 /* Tutorial.storyboard in Resources */,
				8F24063729A602A500E38021 /* LaunchScreen.storyboard in Resources */,
				8F24063829A602A500E38021 /* Main.storyboard in Resources */,
				8F24063529A602A000E38021 /* Assets.xcassets in Resources */,
				8F24062929A6029B00E38021 /* button-bg.png in Resources */,
				8F24062A29A6029B00E38021 /* warning-icon-60@2x.png in Resources */,
				8F24062B29A6029B00E38021 /* account@2x.jpg in Resources */,
				8F24062C29A6029B00E38021 /* icon01.png in Resources */,
				8F24062D29A6029B00E38021 /* icon02.png in Resources */,
				8F24062E29A6029B00E38021 /* icon03.png in Resources */,
				8F24062F29A6029B00E38021 /* icon04.png in Resources */,
				8F24063029A6029B00E38021 /* icon05.png in Resources */,
				8F24063129A6029B00E38021 /* icon06.png in Resources */,
				8F24063229A6029B00E38021 /* profile-bg.png in Resources */,
				8F24063329A6029B00E38021 /* sidemenu.png in Resources */,
				8F24063429A6029B00E38021 /* memo-background@2x.png in Resources */,
			);
			runOnlyForDeploymentPostprocessing = 0;
		};
		8F959274294A7569000C96F2 /* Resources */ = {
			isa = PBXResourcesBuildPhase;
			buildActionMask = 2147483647;
			files = (
			);
			runOnlyForDeploymentPostprocessing = 0;
		};
		8F95927E294A756A000C96F2 /* Resources */ = {
			isa = PBXResourcesBuildPhase;
			buildActionMask = 2147483647;
			files = (
			);
			runOnlyForDeploymentPostprocessing = 0;
		};
/* End PBXResourcesBuildPhase section */

/* Begin PBXSourcesBuildPhase section */
		8F959259294A7568000C96F2 /* Sources */ = {
			isa = PBXSourcesBuildPhase;
			buildActionMask = 2147483647;
			files = (
				8F21B04B29909EEC00202007 /* ProfileVC.swift in Sources */,
				8FCDE2DF298CF9C60058845A /* CSLogButton.swift in Sources */,
				8F21B0492990970000202007 /* SideBarVC.swift in Sources */,
				8F0A72FC29948D7D006E79DB /* Utils.swift in Sources */,
				8F9D8C392953F3C60078FEA3 /* MemoCell.swift in Sources */,
				8F9D8C3B2953FDD90078FEA3 /* MemoData.swift in Sources */,
				8F95926B294A7568000C96F2 /* MyMemory.xcdatamodeld in Sources */,
				8F9D8C312953F2690078FEA3 /* MemoListVC.swift in Sources */,
				8F9D8C332953F29D0078FEA3 /* MemoFormVC.swift in Sources */,
				8F959261294A7568000C96F2 /* AppDelegate.swift in Sources */,
				8F2EDB89299492EC00EB63E2 /* TutorialMasterVC.swift in Sources */,
				8F24063B29A6073F00E38021 /* MemoDAO.swift in Sources */,
				8F21B02F299090F000202007 /* SWRevealViewController.m in Sources */,
				8F959263294A7568000C96F2 /* SceneDelegate.swift in Sources */,
				8F0A72F8299385E6006E79DB /* UserInfoManager.swift in Sources */,
				8F0A72FE29948F3C006E79DB /* TutorialContentsVC.swift in Sources */,
				8F9D8C352953F2B20078FEA3 /* MemoReadVC.swift in Sources */,
			);
			runOnlyForDeploymentPostprocessing = 0;
		};
		8F959272294A7569000C96F2 /* Sources */ = {
			isa = PBXSourcesBuildPhase;
			buildActionMask = 2147483647;
			files = (
				8F95927B294A756A000C96F2 /* MyMemoryTests.swift in Sources */,
			);
			runOnlyForDeploymentPostprocessing = 0;
		};
		8F95927C294A756A000C96F2 /* Sources */ = {
			isa = PBXSourcesBuildPhase;
			buildActionMask = 2147483647;
			files = (
				8F959287294A756A000C96F2 /* MyMemoryUITestsLaunchTests.swift in Sources */,
				8F959285294A756A000C96F2 /* MyMemoryUITests.swift in Sources */,
			);
			runOnlyForDeploymentPostprocessing = 0;
		};
/* End PBXSourcesBuildPhase section */

/* Begin PBXTargetDependency section */
		8F959278294A7569000C96F2 /* PBXTargetDependency */ = {
			isa = PBXTargetDependency;
			target = 8F95925C294A7568000C96F2 /* MyMemory */;
			targetProxy = 8F959277294A7569000C96F2 /* PBXContainerItemProxy */;
		};
		8F959282294A756A000C96F2 /* PBXTargetDependency */ = {
			isa = PBXTargetDependency;
			target = 8F95925C294A7568000C96F2 /* MyMemory */;
			targetProxy = 8F959281294A756A000C96F2 /* PBXContainerItemProxy */;
		};
/* End PBXTargetDependency section */

/* Begin PBXVariantGroup section */
		8F959266294A7568000C96F2 /* Main.storyboard */ = {
			isa = PBXVariantGroup;
			children = (
				8F959267294A7568000C96F2 /* Base */,
			);
			name = Main.storyboard;
			sourceTree = "<group>";
		};
		8F95926E294A7569000C96F2 /* LaunchScreen.storyboard */ = {
			isa = PBXVariantGroup;
			children = (
				8F95926F294A7569000C96F2 /* Base */,
			);
			name = LaunchScreen.storyboard;
			sourceTree = "<group>";
		};
/* End PBXVariantGroup section */

/* Begin XCBuildConfiguration section */
		8F959288294A756A000C96F2 /* Debug */ = {
			isa = XCBuildConfiguration;
			buildSettings = {
				ALWAYS_SEARCH_USER_PATHS = NO;
				CLANG_ANALYZER_NONNULL = YES;
				CLANG_ANALYZER_NUMBER_OBJECT_CONVERSION = YES_AGGRESSIVE;
				CLANG_CXX_LANGUAGE_STANDARD = "gnu++20";
				CLANG_ENABLE_MODULES = YES;
				CLANG_ENABLE_OBJC_ARC = YES;
				CLANG_ENABLE_OBJC_WEAK = YES;
				CLANG_WARN_BLOCK_CAPTURE_AUTORELEASING = YES;
				CLANG_WARN_BOOL_CONVERSION = YES;
				CLANG_WARN_COMMA = YES;
				CLANG_WARN_CONSTANT_CONVERSION = YES;
				CLANG_WARN_DEPRECATED_OBJC_IMPLEMENTATIONS = YES;
				CLANG_WARN_DIRECT_OBJC_ISA_USAGE = YES_ERROR;
				CLANG_WARN_DOCUMENTATION_COMMENTS = YES;
				CLANG_WARN_EMPTY_BODY = YES;
				CLANG_WARN_ENUM_CONVERSION = YES;
				CLANG_WARN_INFINITE_RECURSION = YES;
				CLANG_WARN_INT_CONVERSION = YES;
				CLANG_WARN_NON_LITERAL_NULL_CONVERSION = YES;
				CLANG_WARN_OBJC_IMPLICIT_RETAIN_SELF = YES;
				CLANG_WARN_OBJC_LITERAL_CONVERSION = YES;
				CLANG_WARN_OBJC_ROOT_CLASS = YES_ERROR;
				CLANG_WARN_QUOTED_INCLUDE_IN_FRAMEWORK_HEADER = YES;
				CLANG_WARN_RANGE_LOOP_ANALYSIS = YES;
				CLANG_WARN_STRICT_PROTOTYPES = YES;
				CLANG_WARN_SUSPICIOUS_MOVE = YES;
				CLANG_WARN_UNGUARDED_AVAILABILITY = YES_AGGRESSIVE;
				CLANG_WARN_UNREACHABLE_CODE = YES;
				CLANG_WARN__DUPLICATE_METHOD_MATCH = YES;
				COPY_PHASE_STRIP = NO;
				DEBUG_INFORMATION_FORMAT = dwarf;
				ENABLE_STRICT_OBJC_MSGSEND = YES;
				ENABLE_TESTABILITY = YES;
				GCC_C_LANGUAGE_STANDARD = gnu11;
				GCC_DYNAMIC_NO_PIC = NO;
				GCC_NO_COMMON_BLOCKS = YES;
				GCC_OPTIMIZATION_LEVEL = 0;
				GCC_PREPROCESSOR_DEFINITIONS = (
					"DEBUG=1",
					"$(inherited)",
				);
				GCC_WARN_64_TO_32_BIT_CONVERSION = YES;
				GCC_WARN_ABOUT_RETURN_TYPE = YES_ERROR;
				GCC_WARN_UNDECLARED_SELECTOR = YES;
				GCC_WARN_UNINITIALIZED_AUTOS = YES_AGGRESSIVE;
				GCC_WARN_UNUSED_FUNCTION = YES;
				GCC_WARN_UNUSED_VARIABLE = YES;
				IPHONEOS_DEPLOYMENT_TARGET = 16.1;
				MTL_ENABLE_DEBUG_INFO = INCLUDE_SOURCE;
				MTL_FAST_MATH = YES;
				ONLY_ACTIVE_ARCH = YES;
				SDKROOT = iphoneos;
				SWIFT_ACTIVE_COMPILATION_CONDITIONS = DEBUG;
				SWIFT_OPTIMIZATION_LEVEL = "-Onone";
			};
			name = Debug;
		};
		8F959289294A756A000C96F2 /* Release */ = {
			isa = XCBuildConfiguration;
			buildSettings = {
				ALWAYS_SEARCH_USER_PATHS = NO;
				CLANG_ANALYZER_NONNULL = YES;
				CLANG_ANALYZER_NUMBER_OBJECT_CONVERSION = YES_AGGRESSIVE;
				CLANG_CXX_LANGUAGE_STANDARD = "gnu++20";
				CLANG_ENABLE_MODULES = YES;
				CLANG_ENABLE_OBJC_ARC = YES;
				CLANG_ENABLE_OBJC_WEAK = YES;
				CLANG_WARN_BLOCK_CAPTURE_AUTORELEASING = YES;
				CLANG_WARN_BOOL_CONVERSION = YES;
				CLANG_WARN_COMMA = YES;
				CLANG_WARN_CONSTANT_CONVERSION = YES;
				CLANG_WARN_DEPRECATED_OBJC_IMPLEMENTATIONS = YES;
				CLANG_WARN_DIRECT_OBJC_ISA_USAGE = YES_ERROR;
				CLANG_WARN_DOCUMENTATION_COMMENTS = YES;
				CLANG_WARN_EMPTY_BODY = YES;
				CLANG_WARN_ENUM_CONVERSION = YES;
				CLANG_WARN_INFINITE_RECURSION = YES;
				CLANG_WARN_INT_CONVERSION = YES;
				CLANG_WARN_NON_LITERAL_NULL_CONVERSION = YES;
				CLANG_WARN_OBJC_IMPLICIT_RETAIN_SELF = YES;
				CLANG_WARN_OBJC_LITERAL_CONVERSION = YES;
				CLANG_WARN_OBJC_ROOT_CLASS = YES_ERROR;
				CLANG_WARN_QUOTED_INCLUDE_IN_FRAMEWORK_HEADER = YES;
				CLANG_WARN_RANGE_LOOP_ANALYSIS = YES;
				CLANG_WARN_STRICT_PROTOTYPES = YES;
				CLANG_WARN_SUSPICIOUS_MOVE = YES;
				CLANG_WARN_UNGUARDED_AVAILABILITY = YES_AGGRESSIVE;
				CLANG_WARN_UNREACHABLE_CODE = YES;
				CLANG_WARN__DUPLICATE_METHOD_MATCH = YES;
				COPY_PHASE_STRIP = NO;
				DEBUG_INFORMATION_FORMAT = "dwarf-with-dsym";
				ENABLE_NS_ASSERTIONS = NO;
				ENABLE_STRICT_OBJC_MSGSEND = YES;
				GCC_C_LANGUAGE_STANDARD = gnu11;
				GCC_NO_COMMON_BLOCKS = YES;
				GCC_WARN_64_TO_32_BIT_CONVERSION = YES;
				GCC_WARN_ABOUT_RETURN_TYPE = YES_ERROR;
				GCC_WARN_UNDECLARED_SELECTOR = YES;
				GCC_WARN_UNINITIALIZED_AUTOS = YES_AGGRESSIVE;
				GCC_WARN_UNUSED_FUNCTION = YES;
				GCC_WARN_UNUSED_VARIABLE = YES;
				IPHONEOS_DEPLOYMENT_TARGET = 16.1;
				MTL_ENABLE_DEBUG_INFO = NO;
				MTL_FAST_MATH = YES;
				SDKROOT = iphoneos;
				SWIFT_COMPILATION_MODE = wholemodule;
				SWIFT_OPTIMIZATION_LEVEL = "-O";
				VALIDATE_PRODUCT = YES;
			};
			name = Release;
		};
		8F95928B294A756A000C96F2 /* Debug */ = {
			isa = XCBuildConfiguration;
			buildSettings = {
				ASSETCATALOG_COMPILER_APPICON_NAME = AppIcon;
				ASSETCATALOG_COMPILER_GLOBAL_ACCENT_COLOR_NAME = AccentColor;
				CLANG_ENABLE_MODULES = YES;
				CODE_SIGN_STYLE = Automatic;
				CURRENT_PROJECT_VERSION = 1;
				DEVELOPMENT_TEAM = 62SDS28JUT;
				GENERATE_INFOPLIST_FILE = YES;
				INFOPLIST_FILE = MyMemory/Resources/Info.plist;
				INFOPLIST_KEY_CFBundleDisplayName = "페이퍼-잇";
				INFOPLIST_KEY_UIApplicationSupportsIndirectInputEvents = YES;
				INFOPLIST_KEY_UILaunchStoryboardName = LaunchScreen;
				INFOPLIST_KEY_UIMainStoryboardFile = Main;
				INFOPLIST_KEY_UIStatusBarStyle = "";
				INFOPLIST_KEY_UISupportedInterfaceOrientations = UIInterfaceOrientationPortrait;
				INFOPLIST_KEY_UISupportedInterfaceOrientations_iPad = "UIInterfaceOrientationLandscapeLeft UIInterfaceOrientationLandscapeRight UIInterfaceOrientationPortrait UIInterfaceOrientationPortraitUpsideDown";
				IPHONEOS_DEPLOYMENT_TARGET = 16.2;
				LD_RUNPATH_SEARCH_PATHS = (
					"$(inherited)",
					"@executable_path/Frameworks",
				);
				MARKETING_VERSION = 1.0;
				PRODUCT_BUNDLE_IDENTIFIER = bb.study.MyMemory;
				PRODUCT_NAME = "$(TARGET_NAME)";
				SUPPORTED_PLATFORMS = "iphoneos iphonesimulator";
				SUPPORTS_MACCATALYST = NO;
				SUPPORTS_MAC_DESIGNED_FOR_IPHONE_IPAD = NO;
				SWIFT_EMIT_LOC_STRINGS = YES;
				SWIFT_OBJC_BRIDGING_HEADER = "MyMemory/Sources/Libraries/MyMemory-Bridging-Header.h";
				SWIFT_OPTIMIZATION_LEVEL = "-Onone";
				SWIFT_VERSION = 5.0;
				TARGETED_DEVICE_FAMILY = 1;
			};
			name = Debug;
		};
		8F95928C294A756A000C96F2 /* Release */ = {
			isa = XCBuildConfiguration;
			buildSettings = {
				ASSETCATALOG_COMPILER_APPICON_NAME = AppIcon;
				ASSETCATALOG_COMPILER_GLOBAL_ACCENT_COLOR_NAME = AccentColor;
				CLANG_ENABLE_MODULES = YES;
				CODE_SIGN_STYLE = Automatic;
				CURRENT_PROJECT_VERSION = 1;
				DEVELOPMENT_TEAM = 62SDS28JUT;
				GENERATE_INFOPLIST_FILE = YES;
				INFOPLIST_FILE = MyMemory/Resources/Info.plist;
				INFOPLIST_KEY_CFBundleDisplayName = "페이퍼-잇";
				INFOPLIST_KEY_UIApplicationSupportsIndirectInputEvents = YES;
				INFOPLIST_KEY_UILaunchStoryboardName = LaunchScreen;
				INFOPLIST_KEY_UIMainStoryboardFile = Main;
				INFOPLIST_KEY_UIStatusBarStyle = "";
				INFOPLIST_KEY_UISupportedInterfaceOrientations = UIInterfaceOrientationPortrait;
				INFOPLIST_KEY_UISupportedInterfaceOrientations_iPad = "UIInterfaceOrientationLandscapeLeft UIInterfaceOrientationLandscapeRight UIInterfaceOrientationPortrait UIInterfaceOrientationPortraitUpsideDown";
				IPHONEOS_DEPLOYMENT_TARGET = 16.2;
				LD_RUNPATH_SEARCH_PATHS = (
					"$(inherited)",
					"@executable_path/Frameworks",
				);
				MARKETING_VERSION = 1.0;
				PRODUCT_BUNDLE_IDENTIFIER = bb.study.MyMemory;
				PRODUCT_NAME = "$(TARGET_NAME)";
				SUPPORTED_PLATFORMS = "iphoneos iphonesimulator";
				SUPPORTS_MACCATALYST = NO;
				SUPPORTS_MAC_DESIGNED_FOR_IPHONE_IPAD = NO;
				SWIFT_EMIT_LOC_STRINGS = YES;
				SWIFT_OBJC_BRIDGING_HEADER = "MyMemory/Sources/Libraries/MyMemory-Bridging-Header.h";
				SWIFT_VERSION = 5.0;
				TARGETED_DEVICE_FAMILY = 1;
			};
			name = Release;
		};
		8F95928E294A756A000C96F2 /* Debug */ = {
			isa = XCBuildConfiguration;
			buildSettings = {
				ALWAYS_EMBED_SWIFT_STANDARD_LIBRARIES = YES;
				BUNDLE_LOADER = "$(TEST_HOST)";
				CODE_SIGN_STYLE = Automatic;
				CURRENT_PROJECT_VERSION = 1;
				DEVELOPMENT_TEAM = 62SDS28JUT;
				GENERATE_INFOPLIST_FILE = YES;
				IPHONEOS_DEPLOYMENT_TARGET = 16.1;
				MARKETING_VERSION = 1.0;
				PRODUCT_BUNDLE_IDENTIFIER = bb.study.MyMemoryTests;
				PRODUCT_NAME = "$(TARGET_NAME)";
				SWIFT_EMIT_LOC_STRINGS = NO;
				SWIFT_VERSION = 5.0;
				TARGETED_DEVICE_FAMILY = "1,2";
				TEST_HOST = "$(BUILT_PRODUCTS_DIR)/MyMemory.app/$(BUNDLE_EXECUTABLE_FOLDER_PATH)/MyMemory";
			};
			name = Debug;
		};
		8F95928F294A756A000C96F2 /* Release */ = {
			isa = XCBuildConfiguration;
			buildSettings = {
				ALWAYS_EMBED_SWIFT_STANDARD_LIBRARIES = YES;
				BUNDLE_LOADER = "$(TEST_HOST)";
				CODE_SIGN_STYLE = Automatic;
				CURRENT_PROJECT_VERSION = 1;
				DEVELOPMENT_TEAM = 62SDS28JUT;
				GENERATE_INFOPLIST_FILE = YES;
				IPHONEOS_DEPLOYMENT_TARGET = 16.1;
				MARKETING_VERSION = 1.0;
				PRODUCT_BUNDLE_IDENTIFIER = bb.study.MyMemoryTests;
				PRODUCT_NAME = "$(TARGET_NAME)";
				SWIFT_EMIT_LOC_STRINGS = NO;
				SWIFT_VERSION = 5.0;
				TARGETED_DEVICE_FAMILY = "1,2";
				TEST_HOST = "$(BUILT_PRODUCTS_DIR)/MyMemory.app/$(BUNDLE_EXECUTABLE_FOLDER_PATH)/MyMemory";
			};
			name = Release;
		};
		8F959291294A756A000C96F2 /* Debug */ = {
			isa = XCBuildConfiguration;
			buildSettings = {
				ALWAYS_EMBED_SWIFT_STANDARD_LIBRARIES = YES;
				CODE_SIGN_STYLE = Automatic;
				CURRENT_PROJECT_VERSION = 1;
				DEVELOPMENT_TEAM = 62SDS28JUT;
				GENERATE_INFOPLIST_FILE = YES;
				MARKETING_VERSION = 1.0;
				PRODUCT_BUNDLE_IDENTIFIER = bb.study.MyMemoryUITests;
				PRODUCT_NAME = "$(TARGET_NAME)";
				SWIFT_EMIT_LOC_STRINGS = NO;
				SWIFT_VERSION = 5.0;
				TARGETED_DEVICE_FAMILY = "1,2";
				TEST_TARGET_NAME = MyMemory;
			};
			name = Debug;
		};
		8F959292294A756A000C96F2 /* Release */ = {
			isa = XCBuildConfiguration;
			buildSettings = {
				ALWAYS_EMBED_SWIFT_STANDARD_LIBRARIES = YES;
				CODE_SIGN_STYLE = Automatic;
				CURRENT_PROJECT_VERSION = 1;
				DEVELOPMENT_TEAM = 62SDS28JUT;
				GENERATE_INFOPLIST_FILE = YES;
				MARKETING_VERSION = 1.0;
				PRODUCT_BUNDLE_IDENTIFIER = bb.study.MyMemoryUITests;
				PRODUCT_NAME = "$(TARGET_NAME)";
				SWIFT_EMIT_LOC_STRINGS = NO;
				SWIFT_VERSION = 5.0;
				TARGETED_DEVICE_FAMILY = "1,2";
				TEST_TARGET_NAME = MyMemory;
			};
			name = Release;
		};
/* End XCBuildConfiguration section */

/* Begin XCConfigurationList section */
		8F959258294A7568000C96F2 /* Build configuration list for PBXProject "MyMemory" */ = {
			isa = XCConfigurationList;
			buildConfigurations = (
				8F959288294A756A000C96F2 /* Debug */,
				8F959289294A756A000C96F2 /* Release */,
			);
			defaultConfigurationIsVisible = 0;
			defaultConfigurationName = Release;
		};
		8F95928A294A756A000C96F2 /* Build configuration list for PBXNativeTarget "MyMemory" */ = {
			isa = XCConfigurationList;
			buildConfigurations = (
				8F95928B294A756A000C96F2 /* Debug */,
				8F95928C294A756A000C96F2 /* Release */,
			);
			defaultConfigurationIsVisible = 0;
			defaultConfigurationName = Release;
		};
		8F95928D294A756A000C96F2 /* Build configuration list for PBXNativeTarget "MyMemoryTests" */ = {
			isa = XCConfigurationList;
			buildConfigurations = (
				8F95928E294A756A000C96F2 /* Debug */,
				8F95928F294A756A000C96F2 /* Release */,
			);
			defaultConfigurationIsVisible = 0;
			defaultConfigurationName = Release;
		};
		8F959290294A756A000C96F2 /* Build configuration list for PBXNativeTarget "MyMemoryUITests" */ = {
			isa = XCConfigurationList;
			buildConfigurations = (
				8F959291294A756A000C96F2 /* Debug */,
				8F959292294A756A000C96F2 /* Release */,
			);
			defaultConfigurationIsVisible = 0;
			defaultConfigurationName = Release;
		};
/* End XCConfigurationList section */

/* Begin XCVersionGroup section */
		8F959269294A7568000C96F2 /* MyMemory.xcdatamodeld */ = {
			isa = XCVersionGroup;
			children = (
				8F95926A294A7568000C96F2 /* MyMemory.xcdatamodel */,
			);
			currentVersion = 8F95926A294A7568000C96F2 /* MyMemory.xcdatamodel */;
			path = MyMemory.xcdatamodeld;
			sourceTree = "<group>";
			versionGroupType = wrapper.xcdatamodel;
		};
/* End XCVersionGroup section */
	};
	rootObject = 8F959255294A7568000C96F2 /* Project object */;
}
