// !$*UTF8*$!
{
	archiveVersion = 1;
	classes = {
	};
	objectVersion = 56;
	objects = {

/* Begin PBXBuildFile section */
		8F29FF7A299BA25900227881 /* AppDelegate.swift in Sources */ = {isa = PBXBuildFile; fileRef = 8F29FF79299BA25900227881 /* AppDelegate.swift */; };
		8F29FF7C299BA25900227881 /* SceneDelegate.swift in Sources */ = {isa = PBXBuildFile; fileRef = 8F29FF7B299BA25900227881 /* SceneDelegate.swift */; };
		8F29FF7E299BA25900227881 /* ViewController.swift in Sources */ = {isa = PBXBuildFile; fileRef = 8F29FF7D299BA25900227881 /* ViewController.swift */; };
		8F29FF81299BA25900227881 /* Main.storyboard in Resources */ = {isa = PBXBuildFile; fileRef = 8F29FF7F299BA25900227881 /* Main.storyboard */; };
		8F29FF83299BA25C00227881 /* Assets.xcassets in Resources */ = {isa = PBXBuildFile; fileRef = 8F29FF82299BA25C00227881 /* Assets.xcassets */; };
		8F29FF86299BA25C00227881 /* LaunchScreen.storyboard in Resources */ = {isa = PBXBuildFile; fileRef = 8F29FF84299BA25C00227881 /* LaunchScreen.storyboard */; };
		8F29FF8F299BA36600227881 /* libsqlite3.tbd in Frameworks */ = {isa = PBXBuildFile; fileRef = 8F29FF8E299BA33D00227881 /* libsqlite3.tbd */; };
		8F29FFA5299BA60900227881 /* DepartmentListVC.swift in Sources */ = {isa = PBXBuildFile; fileRef = 8F29FFA4299BA60900227881 /* DepartmentListVC.swift */; };
		8F29FFA7299BA61C00227881 /* EmployeeListVC.swift in Sources */ = {isa = PBXBuildFile; fileRef = 8F29FFA6299BA61B00227881 /* EmployeeListVC.swift */; };
		8F29FFA9299BA8D300227881 /* hr.sqlite in Resources */ = {isa = PBXBuildFile; fileRef = 8F29FFA8299BA8D300227881 /* hr.sqlite */; };
		8FE85030299BAAEF003BBBF6 /* DepartmentDAO.swift in Sources */ = {isa = PBXBuildFile; fileRef = 8FE8502F299BAAEF003BBBF6 /* DepartmentDAO.swift */; };
		8FE85048299BB0DA003BBBF6 /* FMResultSet.m in Sources */ = {isa = PBXBuildFile; fileRef = 8FE8503D299BB0D9003BBBF6 /* FMResultSet.m */; };
		8FE85049299BB0DA003BBBF6 /* FMDatabase.m in Sources */ = {isa = PBXBuildFile; fileRef = 8FE85041299BB0D9003BBBF6 /* FMDatabase.m */; };
		8FE8504A299BB0DA003BBBF6 /* FMDatabaseAdditions.m in Sources */ = {isa = PBXBuildFile; fileRef = 8FE85042299BB0D9003BBBF6 /* FMDatabaseAdditions.m */; };
		8FE8504B299BB0DA003BBBF6 /* FMDatabaseQueue.m in Sources */ = {isa = PBXBuildFile; fileRef = 8FE85046299BB0DA003BBBF6 /* FMDatabaseQueue.m */; };
		8FE8504C299BB0DA003BBBF6 /* FMDatabasePool.m in Sources */ = {isa = PBXBuildFile; fileRef = 8FE85047299BB0DA003BBBF6 /* FMDatabasePool.m */; };
		8FE8504F299BB7A4003BBBF6 /* EmployeeDAO.swift in Sources */ = {isa = PBXBuildFile; fileRef = 8FE8504E299BB7A4003BBBF6 /* EmployeeDAO.swift */; };
/* End PBXBuildFile section */

/* Begin PBXFileReference section */
		8F29FF76299BA25900227881 /* Chapter06-HR.app */ = {isa = PBXFileReference; explicitFileType = wrapper.application; includeInIndex = 0; path = "Chapter06-HR.app"; sourceTree = BUILT_PRODUCTS_DIR; };
		8F29FF79299BA25900227881 /* AppDelegate.swift */ = {isa = PBXFileReference; lastKnownFileType = sourcecode.swift; path = AppDelegate.swift; sourceTree = "<group>"; };
		8F29FF7B299BA25900227881 /* SceneDelegate.swift */ = {isa = PBXFileReference; lastKnownFileType = sourcecode.swift; path = SceneDelegate.swift; sourceTree = "<group>"; };
		8F29FF7D299BA25900227881 /* ViewController.swift */ = {isa = PBXFileReference; lastKnownFileType = sourcecode.swift; path = ViewController.swift; sourceTree = "<group>"; };
		8F29FF80299BA25900227881 /* Base */ = {isa = PBXFileReference; lastKnownFileType = file.storyboard; name = Base; path = Base.lproj/Main.storyboard; sourceTree = "<group>"; };
		8F29FF82299BA25C00227881 /* Assets.xcassets */ = {isa = PBXFileReference; lastKnownFileType = folder.assetcatalog; path = Assets.xcassets; sourceTree = "<group>"; };
		8F29FF85299BA25C00227881 /* Base */ = {isa = PBXFileReference; lastKnownFileType = file.storyboard; name = Base; path = Base.lproj/LaunchScreen.storyboard; sourceTree = "<group>"; };
		8F29FF87299BA25C00227881 /* Info.plist */ = {isa = PBXFileReference; lastKnownFileType = text.plist.xml; path = Info.plist; sourceTree = "<group>"; };
		8F29FF8E299BA33D00227881 /* libsqlite3.tbd */ = {isa = PBXFileReference; lastKnownFileType = "sourcecode.text-based-dylib-definition"; name = libsqlite3.tbd; path = usr/lib/libsqlite3.tbd; sourceTree = SDKROOT; };
		8F29FFA4299BA60900227881 /* DepartmentListVC.swift */ = {isa = PBXFileReference; lastKnownFileType = sourcecode.swift; path = DepartmentListVC.swift; sourceTree = "<group>"; };
		8F29FFA6299BA61B00227881 /* EmployeeListVC.swift */ = {isa = PBXFileReference; lastKnownFileType = sourcecode.swift; path = EmployeeListVC.swift; sourceTree = "<group>"; };
		8F29FFA8299BA8D300227881 /* hr.sqlite */ = {isa = PBXFileReference; lastKnownFileType = file; path = hr.sqlite; sourceTree = "<group>"; };
		8FE8502F299BAAEF003BBBF6 /* DepartmentDAO.swift */ = {isa = PBXFileReference; lastKnownFileType = sourcecode.swift; path = DepartmentDAO.swift; sourceTree = "<group>"; };
		8FE8503D299BB0D9003BBBF6 /* FMResultSet.m */ = {isa = PBXFileReference; fileEncoding = 4; lastKnownFileType = sourcecode.c.objc; path = FMResultSet.m; sourceTree = "<group>"; };
		8FE8503E299BB0D9003BBBF6 /* FMDatabasePool.h */ = {isa = PBXFileReference; fileEncoding = 4; lastKnownFileType = sourcecode.c.h; path = FMDatabasePool.h; sourceTree = "<group>"; };
		8FE8503F299BB0D9003BBBF6 /* FMDatabaseQueue.h */ = {isa = PBXFileReference; fileEncoding = 4; lastKnownFileType = sourcecode.c.h; path = FMDatabaseQueue.h; sourceTree = "<group>"; };
		8FE85040299BB0D9003BBBF6 /* FMDB.h */ = {isa = PBXFileReference; fileEncoding = 4; lastKnownFileType = sourcecode.c.h; path = FMDB.h; sourceTree = "<group>"; };
		8FE85041299BB0D9003BBBF6 /* FMDatabase.m */ = {isa = PBXFileReference; fileEncoding = 4; lastKnownFileType = sourcecode.c.objc; path = FMDatabase.m; sourceTree = "<group>"; };
		8FE85042299BB0D9003BBBF6 /* FMDatabaseAdditions.m */ = {isa = PBXFileReference; fileEncoding = 4; lastKnownFileType = sourcecode.c.objc; path = FMDatabaseAdditions.m; sourceTree = "<group>"; };
		8FE85043299BB0D9003BBBF6 /* FMResultSet.h */ = {isa = PBXFileReference; fileEncoding = 4; lastKnownFileType = sourcecode.c.h; path = FMResultSet.h; sourceTree = "<group>"; };
		8FE85044299BB0D9003BBBF6 /* FMDatabase.h */ = {isa = PBXFileReference; fileEncoding = 4; lastKnownFileType = sourcecode.c.h; path = FMDatabase.h; sourceTree = "<group>"; };
		8FE85045299BB0DA003BBBF6 /* FMDatabaseAdditions.h */ = {isa = PBXFileReference; fileEncoding = 4; lastKnownFileType = sourcecode.c.h; path = FMDatabaseAdditions.h; sourceTree = "<group>"; };
		8FE85046299BB0DA003BBBF6 /* FMDatabaseQueue.m */ = {isa = PBXFileReference; fileEncoding = 4; lastKnownFileType = sourcecode.c.objc; path = FMDatabaseQueue.m; sourceTree = "<group>"; };
		8FE85047299BB0DA003BBBF6 /* FMDatabasePool.m */ = {isa = PBXFileReference; fileEncoding = 4; lastKnownFileType = sourcecode.c.objc; path = FMDatabasePool.m; sourceTree = "<group>"; };
		8FE8504D299BB12E003BBBF6 /* Chapter06-HR-Bridging-Header.h */ = {isa = PBXFileReference; fileEncoding = 4; lastKnownFileType = sourcecode.c.h; path = "Chapter06-HR-Bridging-Header.h"; sourceTree = "<group>"; };
		8FE8504E299BB7A4003BBBF6 /* EmployeeDAO.swift */ = {isa = PBXFileReference; lastKnownFileType = sourcecode.swift; path = EmployeeDAO.swift; sourceTree = "<group>"; };
/* End PBXFileReference section */

/* Begin PBXFrameworksBuildPhase section */
		8F29FF73299BA25900227881 /* Frameworks */ = {
			isa = PBXFrameworksBuildPhase;
			buildActionMask = 2147483647;
			files = (
				8F29FF8F299BA36600227881 /* libsqlite3.tbd in Frameworks */,
			);
			runOnlyForDeploymentPostprocessing = 0;
		};
/* End PBXFrameworksBuildPhase section */

/* Begin PBXGroup section */
		8F29FF6D299BA25900227881 = {
			isa = PBXGroup;
			children = (
				8F29FF90299BA36C00227881 /* fmdb */,
				8F29FF78299BA25900227881 /* Chapter06-HR */,
				8F29FF77299BA25900227881 /* Products */,
				8F29FF8D299BA33C00227881 /* Frameworks */,
			);
			sourceTree = "<group>";
		};
		8F29FF77299BA25900227881 /* Products */ = {
			isa = PBXGroup;
			children = (
				8F29FF76299BA25900227881 /* Chapter06-HR.app */,
			);
			name = Products;
			sourceTree = "<group>";
		};
		8F29FF78299BA25900227881 /* Chapter06-HR */ = {
			isa = PBXGroup;
			children = (
				8FE8504D299BB12E003BBBF6 /* Chapter06-HR-Bridging-Header.h */,
				8F29FFA8299BA8D300227881 /* hr.sqlite */,
				8F29FF79299BA25900227881 /* AppDelegate.swift */,
				8F29FF7B299BA25900227881 /* SceneDelegate.swift */,
				8F29FF7D299BA25900227881 /* ViewController.swift */,
				8F29FF7F299BA25900227881 /* Main.storyboard */,
				8F29FF82299BA25C00227881 /* Assets.xcassets */,
				8F29FF84299BA25C00227881 /* LaunchScreen.storyboard */,
				8F29FF87299BA25C00227881 /* Info.plist */,
				8F29FFA4299BA60900227881 /* DepartmentListVC.swift */,
				8F29FFA6299BA61B00227881 /* EmployeeListVC.swift */,
				8FE8502F299BAAEF003BBBF6 /* DepartmentDAO.swift */,
				8FE8504E299BB7A4003BBBF6 /* EmployeeDAO.swift */,
			);
			path = "Chapter06-HR";
			sourceTree = "<group>";
		};
		8F29FF8D299BA33C00227881 /* Frameworks */ = {
			isa = PBXGroup;
			children = (
				8F29FF8E299BA33D00227881 /* libsqlite3.tbd */,
			);
			name = Frameworks;
			sourceTree = "<group>";
		};
		8F29FF90299BA36C00227881 /* fmdb */ = {
			isa = PBXGroup;
			children = (
				8FE85044299BB0D9003BBBF6 /* FMDatabase.h */,
				8FE85041299BB0D9003BBBF6 /* FMDatabase.m */,
				8FE85045299BB0DA003BBBF6 /* FMDatabaseAdditions.h */,
				8FE85042299BB0D9003BBBF6 /* FMDatabaseAdditions.m */,
				8FE8503E299BB0D9003BBBF6 /* FMDatabasePool.h */,
				8FE85047299BB0DA003BBBF6 /* FMDatabasePool.m */,
				8FE8503F299BB0D9003BBBF6 /* FMDatabaseQueue.h */,
				8FE85046299BB0DA003BBBF6 /* FMDatabaseQueue.m */,
				8FE85040299BB0D9003BBBF6 /* FMDB.h */,
				8FE85043299BB0D9003BBBF6 /* FMResultSet.h */,
				8FE8503D299BB0D9003BBBF6 /* FMResultSet.m */,
			);
			path = fmdb;
			sourceTree = "<group>";
		};
/* End PBXGroup section */

/* Begin PBXNativeTarget section */
		8F29FF75299BA25900227881 /* Chapter06-HR */ = {
			isa = PBXNativeTarget;
			buildConfigurationList = 8F29FF8A299BA25C00227881 /* Build configuration list for PBXNativeTarget "Chapter06-HR" */;
			buildPhases = (
				8F29FF72299BA25900227881 /* Sources */,
				8F29FF73299BA25900227881 /* Frameworks */,
				8F29FF74299BA25900227881 /* Resources */,
			);
			buildRules = (
			);
			dependencies = (
			);
			name = "Chapter06-HR";
			productName = "Chapter06-HR";
			productReference = 8F29FF76299BA25900227881 /* Chapter06-HR.app */;
			productType = "com.apple.product-type.application";
		};
/* End PBXNativeTarget section */

/* Begin PBXProject section */
		8F29FF6E299BA25900227881 /* Project object */ = {
			isa = PBXProject;
			attributes = {
				BuildIndependentTargetsInParallel = 1;
				LastSwiftUpdateCheck = 1420;
				LastUpgradeCheck = 1420;
				TargetAttributes = {
					8F29FF75299BA25900227881 = {
						CreatedOnToolsVersion = 14.2;
						LastSwiftMigration = 1420;
					};
				};
			};
			buildConfigurationList = 8F29FF71299BA25900227881 /* Build configuration list for PBXProject "Chapter06-HR" */;
			compatibilityVersion = "Xcode 14.0";
			developmentRegion = en;
			hasScannedForEncodings = 0;
			knownRegions = (
				en,
				Base,
			);
			mainGroup = 8F29FF6D299BA25900227881;
			productRefGroup = 8F29FF77299BA25900227881 /* Products */;
			projectDirPath = "";
			projectRoot = "";
			targets = (
				8F29FF75299BA25900227881 /* Chapter06-HR */,
			);
		};
/* End PBXProject section */

/* Begin PBXResourcesBuildPhase section */
		8F29FF74299BA25900227881 /* Resources */ = {
			isa = PBXResourcesBuildPhase;
			buildActionMask = 2147483647;
			files = (
				8F29FF86299BA25C00227881 /* LaunchScreen.storyboard in Resources */,
				8F29FF83299BA25C00227881 /* Assets.xcassets in Resources */,
				8F29FF81299BA25900227881 /* Main.storyboard in Resources */,
				8F29FFA9299BA8D300227881 /* hr.sqlite in Resources */,
			);
			runOnlyForDeploymentPostprocessing = 0;
		};
/* End PBXResourcesBuildPhase section */

/* Begin PBXSourcesBuildPhase section */
		8F29FF72299BA25900227881 /* Sources */ = {
			isa = PBXSourcesBuildPhase;
			buildActionMask = 2147483647;
			files = (
				8FE8504F299BB7A4003BBBF6 /* EmployeeDAO.swift in Sources */,
				8F29FF7E299BA25900227881 /* ViewController.swift in Sources */,
				8F29FFA5299BA60900227881 /* DepartmentListVC.swift in Sources */,
				8FE85048299BB0DA003BBBF6 /* FMResultSet.m in Sources */,
				8FE85030299BAAEF003BBBF6 /* DepartmentDAO.swift in Sources */,
				8F29FFA7299BA61C00227881 /* EmployeeListVC.swift in Sources */,
				8FE8504C299BB0DA003BBBF6 /* FMDatabasePool.m in Sources */,
				8FE8504B299BB0DA003BBBF6 /* FMDatabaseQueue.m in Sources */,
				8FE8504A299BB0DA003BBBF6 /* FMDatabaseAdditions.m in Sources */,
				8F29FF7A299BA25900227881 /* AppDelegate.swift in Sources */,
				8F29FF7C299BA25900227881 /* SceneDelegate.swift in Sources */,
				8FE85049299BB0DA003BBBF6 /* FMDatabase.m in Sources */,
			);
			runOnlyForDeploymentPostprocessing = 0;
		};
/* End PBXSourcesBuildPhase section */

/* Begin PBXVariantGroup section */
		8F29FF7F299BA25900227881 /* Main.storyboard */ = {
			isa = PBXVariantGroup;
			children = (
				8F29FF80299BA25900227881 /* Base */,
			);
			name = Main.storyboard;
			sourceTree = "<group>";
		};
		8F29FF84299BA25C00227881 /* LaunchScreen.storyboard */ = {
			isa = PBXVariantGroup;
			children = (
				8F29FF85299BA25C00227881 /* Base */,
			);
			name = LaunchScreen.storyboard;
			sourceTree = "<group>";
		};
/* End PBXVariantGroup section */

/* Begin XCBuildConfiguration section */
		8F29FF88299BA25C00227881 /* Debug */ = {
			isa = XCBuildConfiguration;
			buildSettings = {
				ALWAYS_SEARCH_USER_PATHS = NO;
				CLANG_ANALYZER_NONNULL = YES;
				CLANG_ANALYZER_NUMBER_OBJECT_CONVERSION = YES_AGGRESSIVE;
				CLANG_CXX_LANGUAGE_STANDARD = "gnu++20";
				CLANG_ENABLE_MODULES = YES;
				CLANG_ENABLE_OBJC_ARC = YES;
				CLANG_ENABLE_OBJC_WEAK = YES;
				CLANG_WARN_BLOCK_CAPTURE_AUTORELEASING = YES;
				CLANG_WARN_BOOL_CONVERSION = YES;
				CLANG_WARN_COMMA = YES;
				CLANG_WARN_CONSTANT_CONVERSION = YES;
				CLANG_WARN_DEPRECATED_OBJC_IMPLEMENTATIONS = YES;
				CLANG_WARN_DIRECT_OBJC_ISA_USAGE = YES_ERROR;
				CLANG_WARN_DOCUMENTATION_COMMENTS = YES;
				CLANG_WARN_EMPTY_BODY = YES;
				CLANG_WARN_ENUM_CONVERSION = YES;
				CLANG_WARN_INFINITE_RECURSION = YES;
				CLANG_WARN_INT_CONVERSION = YES;
				CLANG_WARN_NON_LITERAL_NULL_CONVERSION = YES;
				CLANG_WARN_OBJC_IMPLICIT_RETAIN_SELF = YES;
				CLANG_WARN_OBJC_LITERAL_CONVERSION = YES;
				CLANG_WARN_OBJC_ROOT_CLASS = YES_ERROR;
				CLANG_WARN_QUOTED_INCLUDE_IN_FRAMEWORK_HEADER = YES;
				CLANG_WARN_RANGE_LOOP_ANALYSIS = YES;
				CLANG_WARN_STRICT_PROTOTYPES = YES;
				CLANG_WARN_SUSPICIOUS_MOVE = YES;
				CLANG_WARN_UNGUARDED_AVAILABILITY = YES_AGGRESSIVE;
				CLANG_WARN_UNREACHABLE_CODE = YES;
				CLANG_WARN__DUPLICATE_METHOD_MATCH = YES;
				COPY_PHASE_STRIP = NO;
				DEBUG_INFORMATION_FORMAT = dwarf;
				ENABLE_STRICT_OBJC_MSGSEND = YES;
				ENABLE_TESTABILITY = YES;
				GCC_C_LANGUAGE_STANDARD = gnu11;
				GCC_DYNAMIC_NO_PIC = NO;
				GCC_NO_COMMON_BLOCKS = YES;
				GCC_OPTIMIZATION_LEVEL = 0;
				GCC_PREPROCESSOR_DEFINITIONS = (
					"DEBUG=1",
					"$(inherited)",
				);
				GCC_WARN_64_TO_32_BIT_CONVERSION = YES;
				GCC_WARN_ABOUT_RETURN_TYPE = YES_ERROR;
				GCC_WARN_UNDECLARED_SELECTOR = YES;
				GCC_WARN_UNINITIALIZED_AUTOS = YES_AGGRESSIVE;
				GCC_WARN_UNUSED_FUNCTION = YES;
				GCC_WARN_UNUSED_VARIABLE = YES;
				IPHONEOS_DEPLOYMENT_TARGET = 16.2;
				MTL_ENABLE_DEBUG_INFO = INCLUDE_SOURCE;
				MTL_FAST_MATH = YES;
				ONLY_ACTIVE_ARCH = YES;
				SDKROOT = iphoneos;
				SWIFT_ACTIVE_COMPILATION_CONDITIONS = DEBUG;
				SWIFT_OPTIMIZATION_LEVEL = "-Onone";
			};
			name = Debug;
		};
		8F29FF89299BA25C00227881 /* Release */ = {
			isa = XCBuildConfiguration;
			buildSettings = {
				ALWAYS_SEARCH_USER_PATHS = NO;
				CLANG_ANALYZER_NONNULL = YES;
				CLANG_ANALYZER_NUMBER_OBJECT_CONVERSION = YES_AGGRESSIVE;
				CLANG_CXX_LANGUAGE_STANDARD = "gnu++20";
				CLANG_ENABLE_MODULES = YES;
				CLANG_ENABLE_OBJC_ARC = YES;
				CLANG_ENABLE_OBJC_WEAK = YES;
				CLANG_WARN_BLOCK_CAPTURE_AUTORELEASING = YES;
				CLANG_WARN_BOOL_CONVERSION = YES;
				CLANG_WARN_COMMA = YES;
				CLANG_WARN_CONSTANT_CONVERSION = YES;
				CLANG_WARN_DEPRECATED_OBJC_IMPLEMENTATIONS = YES;
				CLANG_WARN_DIRECT_OBJC_ISA_USAGE = YES_ERROR;
				CLANG_WARN_DOCUMENTATION_COMMENTS = YES;
				CLANG_WARN_EMPTY_BODY = YES;
				CLANG_WARN_ENUM_CONVERSION = YES;
				CLANG_WARN_INFINITE_RECURSION = YES;
				CLANG_WARN_INT_CONVERSION = YES;
				CLANG_WARN_NON_LITERAL_NULL_CONVERSION = YES;
				CLANG_WARN_OBJC_IMPLICIT_RETAIN_SELF = YES;
				CLANG_WARN_OBJC_LITERAL_CONVERSION = YES;
				CLANG_WARN_OBJC_ROOT_CLASS = YES_ERROR;
				CLANG_WARN_QUOTED_INCLUDE_IN_FRAMEWORK_HEADER = YES;
				CLANG_WARN_RANGE_LOOP_ANALYSIS = YES;
				CLANG_WARN_STRICT_PROTOTYPES = YES;
				CLANG_WARN_SUSPICIOUS_MOVE = YES;
				CLANG_WARN_UNGUARDED_AVAILABILITY = YES_AGGRESSIVE;
				CLANG_WARN_UNREACHABLE_CODE = YES;
				CLANG_WARN__DUPLICATE_METHOD_MATCH = YES;
				COPY_PHASE_STRIP = NO;
				DEBUG_INFORMATION_FORMAT = "dwarf-with-dsym";
				ENABLE_NS_ASSERTIONS = NO;
				ENABLE_STRICT_OBJC_MSGSEND = YES;
				GCC_C_LANGUAGE_STANDARD = gnu11;
				GCC_NO_COMMON_BLOCKS = YES;
				GCC_WARN_64_TO_32_BIT_CONVERSION = YES;
				GCC_WARN_ABOUT_RETURN_TYPE = YES_ERROR;
				GCC_WARN_UNDECLARED_SELECTOR = YES;
				GCC_WARN_UNINITIALIZED_AUTOS = YES_AGGRESSIVE;
				GCC_WARN_UNUSED_FUNCTION = YES;
				GCC_WARN_UNUSED_VARIABLE = YES;
				IPHONEOS_DEPLOYMENT_TARGET = 16.2;
				MTL_ENABLE_DEBUG_INFO = NO;
				MTL_FAST_MATH = YES;
				SDKROOT = iphoneos;
				SWIFT_COMPILATION_MODE = wholemodule;
				SWIFT_OPTIMIZATION_LEVEL = "-O";
				VALIDATE_PRODUCT = YES;
			};
			name = Release;
		};
		8F29FF8B299BA25C00227881 /* Debug */ = {
			isa = XCBuildConfiguration;
			buildSettings = {
				ASSETCATALOG_COMPILER_APPICON_NAME = AppIcon;
				ASSETCATALOG_COMPILER_GLOBAL_ACCENT_COLOR_NAME = AccentColor;
				CLANG_ENABLE_MODULES = YES;
				CODE_SIGN_STYLE = Automatic;
				CURRENT_PROJECT_VERSION = 1;
				DEVELOPMENT_TEAM = 62SDS28JUT;
				GENERATE_INFOPLIST_FILE = YES;
				INFOPLIST_FILE = "Chapter06-HR/Info.plist";
				INFOPLIST_KEY_UIApplicationSupportsIndirectInputEvents = YES;
				INFOPLIST_KEY_UILaunchStoryboardName = LaunchScreen;
				INFOPLIST_KEY_UIMainStoryboardFile = Main;
				INFOPLIST_KEY_UISupportedInterfaceOrientations_iPad = "UIInterfaceOrientationPortrait UIInterfaceOrientationPortraitUpsideDown UIInterfaceOrientationLandscapeLeft UIInterfaceOrientationLandscapeRight";
				INFOPLIST_KEY_UISupportedInterfaceOrientations_iPhone = "UIInterfaceOrientationPortrait UIInterfaceOrientationLandscapeLeft UIInterfaceOrientationLandscapeRight";
				LD_RUNPATH_SEARCH_PATHS = (
					"$(inherited)",
					"@executable_path/Frameworks",
				);
				MARKETING_VERSION = 1.0;
				PRODUCT_BUNDLE_IDENTIFIER = "bb.study.Chapter06-HR";
				PRODUCT_NAME = "$(TARGET_NAME)";
				SUPPORTED_PLATFORMS = "iphoneos iphonesimulator";
				SUPPORTS_MACCATALYST = NO;
				SUPPORTS_MAC_DESIGNED_FOR_IPHONE_IPAD = NO;
				SWIFT_EMIT_LOC_STRINGS = YES;
				SWIFT_OBJC_BRIDGING_HEADER = "Chapter06-HR/Chapter06-HR-Bridging-Header.h";
				SWIFT_OPTIMIZATION_LEVEL = "-Onone";
				SWIFT_VERSION = 5.0;
				TARGETED_DEVICE_FAMILY = 1;
			};
			name = Debug;
		};
		8F29FF8C299BA25C00227881 /* Release */ = {
			isa = XCBuildConfiguration;
			buildSettings = {
				ASSETCATALOG_COMPILER_APPICON_NAME = AppIcon;
				ASSETCATALOG_COMPILER_GLOBAL_ACCENT_COLOR_NAME = AccentColor;
				CLANG_ENABLE_MODULES = YES;
				CODE_SIGN_STYLE = Automatic;
				CURRENT_PROJECT_VERSION = 1;
				DEVELOPMENT_TEAM = 62SDS28JUT;
				GENERATE_INFOPLIST_FILE = YES;
				INFOPLIST_FILE = "Chapter06-HR/Info.plist";
				INFOPLIST_KEY_UIApplicationSupportsIndirectInputEvents = YES;
				INFOPLIST_KEY_UILaunchStoryboardName = LaunchScreen;
				INFOPLIST_KEY_UIMainStoryboardFile = Main;
				INFOPLIST_KEY_UISupportedInterfaceOrientations_iPad = "UIInterfaceOrientationPortrait UIInterfaceOrientationPortraitUpsideDown UIInterfaceOrientationLandscapeLeft UIInterfaceOrientationLandscapeRight";
				INFOPLIST_KEY_UISupportedInterfaceOrientations_iPhone = "UIInterfaceOrientationPortrait UIInterfaceOrientationLandscapeLeft UIInterfaceOrientationLandscapeRight";
				LD_RUNPATH_SEARCH_PATHS = (
					"$(inherited)",
					"@executable_path/Frameworks",
				);
				MARKETING_VERSION = 1.0;
				PRODUCT_BUNDLE_IDENTIFIER = "bb.study.Chapter06-HR";
				PRODUCT_NAME = "$(TARGET_NAME)";
				SUPPORTED_PLATFORMS = "iphoneos iphonesimulator";
				SUPPORTS_MACCATALYST = NO;
				SUPPORTS_MAC_DESIGNED_FOR_IPHONE_IPAD = NO;
				SWIFT_EMIT_LOC_STRINGS = YES;
				SWIFT_OBJC_BRIDGING_HEADER = "Chapter06-HR/Chapter06-HR-Bridging-Header.h";
				SWIFT_VERSION = 5.0;
				TARGETED_DEVICE_FAMILY = 1;
			};
			name = Release;
		};
/* End XCBuildConfiguration section */

/* Begin XCConfigurationList section */
		8F29FF71299BA25900227881 /* Build configuration list for PBXProject "Chapter06-HR" */ = {
			isa = XCConfigurationList;
			buildConfigurations = (
				8F29FF88299BA25C00227881 /* Debug */,
				8F29FF89299BA25C00227881 /* Release */,
			);
			defaultConfigurationIsVisible = 0;
			defaultConfigurationName = Release;
		};
		8F29FF8A299BA25C00227881 /* Build configuration list for PBXNativeTarget "Chapter06-HR" */ = {
			isa = XCConfigurationList;
			buildConfigurations = (
				8F29FF8B299BA25C00227881 /* Debug */,
				8F29FF8C299BA25C00227881 /* Release */,
			);
			defaultConfigurationIsVisible = 0;
			defaultConfigurationName = Release;
		};
/* End XCConfigurationList section */
	};
	rootObject = 8F29FF6E299BA25900227881 /* Project object */;
}
